
Microsoft Visual Studio Solution File, Format Version 12.00
# Visual Studio Version 17
VisualStudioVersion = 17.6.33927.249
MinimumVisualStudioVersion = 10.0.40219.1
Project("{9A19103F-16F7-4668-BE54-9A1E7A4F7556}") = "ThingsGateway.Foundation", "Foundation\ThingsGateway.Foundation\ThingsGateway.Foundation.csproj", "{2070116F-7A1B-47E2-A2F2-7BEC29ECE891}"
EndProject
Project("{2150E333-8FDC-42A3-9474-1A3956D46DE8}") = "Foundation", "Foundation", "{0874CBC5-C583-4FAD-BA93-94571D446898}"
	ProjectSection(SolutionItems) = preProject
		Foundation\Directory.Build.props = Foundation\Directory.Build.props
	EndProjectSection
EndProject
Project("{9A19103F-16F7-4668-BE54-9A1E7A4F7556}") = "ThingsGateway.Foundation.Adapter.DLT645", "Foundation\ThingsGateway.Foundation.Adapter.DLT645\ThingsGateway.Foundation.Adapter.DLT645.csproj", "{92963877-0185-45A5-A0EB-CEC0D55FF9B0}"
EndProject
Project("{9A19103F-16F7-4668-BE54-9A1E7A4F7556}") = "ThingsGateway.Foundation.Adapter.Modbus", "Foundation\ThingsGateway.Foundation.Adapter.Modbus\ThingsGateway.Foundation.Adapter.Modbus.csproj", "{24510CCE-0B60-4A03-9719-CF367C3528E9}"
EndProject
Project("{9A19103F-16F7-4668-BE54-9A1E7A4F7556}") = "ThingsGateway.Foundation.Adapter.OPCDA", "Foundation\ThingsGateway.Foundation.Adapter.OPCDA\ThingsGateway.Foundation.Adapter.OPCDA.csproj", "{566783A4-222B-46F5-AA12-0753997B3254}"
EndProject
Project("{9A19103F-16F7-4668-BE54-9A1E7A4F7556}") = "ThingsGateway.Foundation.Adapter.OPCUA", "Foundation\ThingsGateway.Foundation.Adapter.OPCUA\ThingsGateway.Foundation.Adapter.OPCUA.csproj", "{BEFBC44A-E140-4E3E-AFBE-2DD8B98EB9BF}"
EndProject
Project("{9A19103F-16F7-4668-BE54-9A1E7A4F7556}") = "ThingsGateway.Foundation.Adapter.Siemens", "Foundation\ThingsGateway.Foundation.Adapter.Siemens\ThingsGateway.Foundation.Adapter.Siemens.csproj", "{9695B353-D773-40DD-B65E-7B10EB0C16EC}"
EndProject
Project("{2150E333-8FDC-42A3-9474-1A3956D46DE8}") = "Demo", "Demo", "{AB071D47-E444-4B5F-A3E7-353FCF9D1050}"
	ProjectSection(SolutionItems) = preProject
		Demo\Directory.Build.props = Demo\Directory.Build.props
	EndProjectSection
EndProject
Project("{9A19103F-16F7-4668-BE54-9A1E7A4F7556}") = "ThingsGateway.Foundation.Demo.Photino", "Demo\ThingsGateway.Foundation.Demo.Photino\ThingsGateway.Foundation.Demo.Photino.csproj", "{F0540A1A-8D2A-4E56-B6F4-A043D8F8C3B1}"
EndProject
Project("{9A19103F-16F7-4668-BE54-9A1E7A4F7556}") = "ThingsGateway.Foundation.Demo.Rcl", "Demo\ThingsGateway.Foundation.Demo.Rcl\ThingsGateway.Foundation.Demo.Rcl.csproj", "{3DBDA603-92A1-4468-B5AB-2595C8B43390}"
EndProject
Project("{9A19103F-16F7-4668-BE54-9A1E7A4F7556}") = "ThingsGateway.Foundation.Demo.Winform", "Demo\ThingsGateway.Foundation.Demo.Winform\ThingsGateway.Foundation.Demo.Winform.csproj", "{1C4E6E4F-6122-430D-9BB1-D8FDD98494A6}"
EndProject
Project("{2150E333-8FDC-42A3-9474-1A3956D46DE8}") = "解决方案项", "解决方案项", "{5483421D-F201-483F-BCAF-BD85F6B81567}"
	ProjectSection(SolutionItems) = preProject
		.gitignore = .gitignore
	EndProjectSection
EndProject
Project("{2150E333-8FDC-42A3-9474-1A3956D46DE8}") = "Component", "Component", "{274DC85C-B955-4785-92FE-C2E5CD501BA5}"
EndProject
Project("{9A19103F-16F7-4668-BE54-9A1E7A4F7556}") = "ThingsGateway.Components", "Component\ThingsGateway.Components\ThingsGateway.Components.csproj", "{CAAADC57-1587-4325-A036-237D17DA6DE9}"
EndProject
Global
	GlobalSection(SolutionConfigurationPlatforms) = preSolution
		Debug|Any CPU = Debug|Any CPU
		Release|Any CPU = Release|Any CPU
	EndGlobalSection
	GlobalSection(ProjectConfigurationPlatforms) = postSolution
		{2070116F-7A1B-47E2-A2F2-7BEC29ECE891}.Debug|Any CPU.ActiveCfg = Debug|Any CPU
		{2070116F-7A1B-47E2-A2F2-7BEC29ECE891}.Debug|Any CPU.Build.0 = Debug|Any CPU
		{2070116F-7A1B-47E2-A2F2-7BEC29ECE891}.Release|Any CPU.ActiveCfg = Release|Any CPU
		{2070116F-7A1B-47E2-A2F2-7BEC29ECE891}.Release|Any CPU.Build.0 = Release|Any CPU
		{92963877-0185-45A5-A0EB-CEC0D55FF9B0}.Debug|Any CPU.ActiveCfg = Debug|Any CPU
		{92963877-0185-45A5-A0EB-CEC0D55FF9B0}.Debug|Any CPU.Build.0 = Debug|Any CPU
		{92963877-0185-45A5-A0EB-CEC0D55FF9B0}.Release|Any CPU.ActiveCfg = Release|Any CPU
		{92963877-0185-45A5-A0EB-CEC0D55FF9B0}.Release|Any CPU.Build.0 = Release|Any CPU
		{24510CCE-0B60-4A03-9719-CF367C3528E9}.Debug|Any CPU.ActiveCfg = Debug|Any CPU
		{24510CCE-0B60-4A03-9719-CF367C3528E9}.Debug|Any CPU.Build.0 = Debug|Any CPU
		{24510CCE-0B60-4A03-9719-CF367C3528E9}.Release|Any CPU.ActiveCfg = Release|Any CPU
		{24510CCE-0B60-4A03-9719-CF367C3528E9}.Release|Any CPU.Build.0 = Release|Any CPU
		{566783A4-222B-46F5-AA12-0753997B3254}.Debug|Any CPU.ActiveCfg = Debug|Any CPU
		{566783A4-222B-46F5-AA12-0753997B3254}.Debug|Any CPU.Build.0 = Debug|Any CPU
		{566783A4-222B-46F5-AA12-0753997B3254}.Release|Any CPU.ActiveCfg = Release|Any CPU
		{566783A4-222B-46F5-AA12-0753997B3254}.Release|Any CPU.Build.0 = Release|Any CPU
		{BEFBC44A-E140-4E3E-AFBE-2DD8B98EB9BF}.Debug|Any CPU.ActiveCfg = Debug|Any CPU
		{BEFBC44A-E140-4E3E-AFBE-2DD8B98EB9BF}.Debug|Any CPU.Build.0 = Debug|Any CPU
		{BEFBC44A-E140-4E3E-AFBE-2DD8B98EB9BF}.Release|Any CPU.ActiveCfg = Release|Any CPU
		{BEFBC44A-E140-4E3E-AFBE-2DD8B98EB9BF}.Release|Any CPU.Build.0 = Release|Any CPU
		{9695B353-D773-40DD-B65E-7B10EB0C16EC}.Debug|Any CPU.ActiveCfg = Debug|Any CPU
		{9695B353-D773-40DD-B65E-7B10EB0C16EC}.Debug|Any CPU.Build.0 = Debug|Any CPU
		{9695B353-D773-40DD-B65E-7B10EB0C16EC}.Release|Any CPU.ActiveCfg = Release|Any CPU
		{9695B353-D773-40DD-B65E-7B10EB0C16EC}.Release|Any CPU.Build.0 = Release|Any CPU
		{F0540A1A-8D2A-4E56-B6F4-A043D8F8C3B1}.Debug|Any CPU.ActiveCfg = Debug|Any CPU
		{F0540A1A-8D2A-4E56-B6F4-A043D8F8C3B1}.Debug|Any CPU.Build.0 = Debug|Any CPU
		{F0540A1A-8D2A-4E56-B6F4-A043D8F8C3B1}.Release|Any CPU.ActiveCfg = Release|Any CPU
		{F0540A1A-8D2A-4E56-B6F4-A043D8F8C3B1}.Release|Any CPU.Build.0 = Release|Any CPU
		{3DBDA603-92A1-4468-B5AB-2595C8B43390}.Debug|Any CPU.ActiveCfg = Debug|Any CPU
		{3DBDA603-92A1-4468-B5AB-2595C8B43390}.Debug|Any CPU.Build.0 = Debug|Any CPU
		{3DBDA603-92A1-4468-B5AB-2595C8B43390}.Release|Any CPU.ActiveCfg = Release|Any CPU
		{3DBDA603-92A1-4468-B5AB-2595C8B43390}.Release|Any CPU.Build.0 = Release|Any CPU
		{1C4E6E4F-6122-430D-9BB1-D8FDD98494A6}.Debug|Any CPU.ActiveCfg = Debug|Any CPU
		{1C4E6E4F-6122-430D-9BB1-D8FDD98494A6}.Debug|Any CPU.Build.0 = Debug|Any CPU
		{1C4E6E4F-6122-430D-9BB1-D8FDD98494A6}.Release|Any CPU.ActiveCfg = Release|Any CPU
		{1C4E6E4F-6122-430D-9BB1-D8FDD98494A6}.Release|Any CPU.Build.0 = Release|Any CPU
		{CAAADC57-1587-4325-A036-237D17DA6DE9}.Debug|Any CPU.ActiveCfg = Debug|Any CPU
		{CAAADC57-1587-4325-A036-237D17DA6DE9}.Debug|Any CPU.Build.0 = Debug|Any CPU
		{CAAADC57-1587-4325-A036-237D17DA6DE9}.Release|Any CPU.ActiveCfg = Release|Any CPU
		{CAAADC57-1587-4325-A036-237D17DA6DE9}.Release|Any CPU.Build.0 = Release|Any CPU
	EndGlobalSection
	GlobalSection(SolutionProperties) = preSolution
		HideSolutionNode = FALSE
	EndGlobalSection
	GlobalSection(NestedProjects) = preSolution
		{2070116F-7A1B-47E2-A2F2-7BEC29ECE891} = {0874CBC5-C583-4FAD-BA93-94571D446898}
		{92963877-0185-45A5-A0EB-CEC0D55FF9B0} = {0874CBC5-C583-4FAD-BA93-94571D446898}
		{24510CCE-0B60-4A03-9719-CF367C3528E9} = {0874CBC5-C583-4FAD-BA93-94571D446898}
		{566783A4-222B-46F5-AA12-0753997B3254} = {0874CBC5-C583-4FAD-BA93-94571D446898}
		{BEFBC44A-E140-4E3E-AFBE-2DD8B98EB9BF} = {0874CBC5-C583-4FAD-BA93-94571D446898}
		{9695B353-D773-40DD-B65E-7B10EB0C16EC} = {0874CBC5-C583-4FAD-BA93-94571D446898}
		{F0540A1A-8D2A-4E56-B6F4-A043D8F8C3B1} = {AB071D47-E444-4B5F-A3E7-353FCF9D1050}
		{3DBDA603-92A1-4468-B5AB-2595C8B43390} = {AB071D47-E444-4B5F-A3E7-353FCF9D1050}
		{1C4E6E4F-6122-430D-9BB1-D8FDD98494A6} = {AB071D47-E444-4B5F-A3E7-353FCF9D1050}
		{CAAADC57-1587-4325-A036-237D17DA6DE9} = {274DC85C-B955-4785-92FE-C2E5CD501BA5}
	EndGlobalSection
	GlobalSection(ExtensibilityGlobals) = postSolution
		SolutionGuid = {C49B2D3E-6818-4E28-91B7-6E4E7E264BBB}
	EndGlobalSection
EndGlobal
