
Microsoft Visual Studio Solution File, Format Version 12.00
# Visual Studio Version 17
VisualStudioVersion = 17.6.33829.357
MinimumVisualStudioVersion = 10.0.40219.1
Project("{9A19103F-16F7-4668-BE54-9A1E7A4F7556}") = "ThingsGateway.Admin.Core", "ThingsGateway.Admin.Core\ThingsGateway.Admin.Core.csproj", "{62FA6CF1-DB7E-4457-9EB7-C825A89751EC}"
EndProject
Project("{2150E333-8FDC-42A3-9474-1A3956D46DE8}") = "script", "script", "{0BBD36E5-4FDB-4A9F-8387-6A39BEB6D87D}"
	ProjectSection(SolutionItems) = preProject
		..\.gitattributes = ..\.gitattributes
		..\.gitignore = ..\.gitignore
		Directory.Build.props = Directory.Build.props
		..\LICENSE.txt = ..\LICENSE.txt
		..\README.md = ..\README.md
	EndProjectSection
EndProject
Project("{9A19103F-16F7-4668-BE54-9A1E7A4F7556}") = "ThingsGateway.Web.Entry", "ThingsGateway.Web.Entry\ThingsGateway.Web.Entry.csproj", "{1B5B6C91-4A6C-4635-8B2C-D0F0957D3788}"
EndProject
Project("{9A19103F-16F7-4668-BE54-9A1E7A4F7556}") = "ThingsGateway.Web.Core", "ThingsGateway.Web.Core\ThingsGateway.Web.Core.csproj", "{E7DD3841-A7AD-4CC9-9122-E62C7976AA99}"
EndProject
Project("{9A19103F-16F7-4668-BE54-9A1E7A4F7556}") = "ThingsGateway.Admin.Blazor.Core", "ThingsGateway.Admin.Blazor.Core\ThingsGateway.Admin.Blazor.Core.csproj", "{096A0468-B4F0-490F-ABDF-78F66CCE2870}"
EndProject
Project("{9A19103F-16F7-4668-BE54-9A1E7A4F7556}") = "ThingsGateway.Admin.Blazor", "ThingsGateway.Admin.Blazor\ThingsGateway.Admin.Blazor.csproj", "{6819B227-F69F-4478-819B-B95F170E11D5}"
EndProject
Project("{9A19103F-16F7-4668-BE54-9A1E7A4F7556}") = "ThingsGateway.Admin.Application", "ThingsGateway.Admin.Application\ThingsGateway.Admin.Application.csproj", "{2C2BEC10-8B46-4892-8CA5-0FCF1477834E}"
EndProject
Project("{2150E333-8FDC-42A3-9474-1A3956D46DE8}") = "Solution Items", "Solution Items", "{07EEACCE-83E1-459F-89B8-C2DFD30AB86E}"
	ProjectSection(SolutionItems) = preProject
		.editorconfig = .editorconfig
	EndProjectSection
EndProject
Project("{9A19103F-16F7-4668-BE54-9A1E7A4F7556}") = "ThingsGateway.Admin.ApiController", "ThingsGateway.Admin.ApiController\ThingsGateway.Admin.ApiController.csproj", "{516316AA-8891-4741-8D30-9565CEB64FEA}"
EndProject
Project("{2150E333-8FDC-42A3-9474-1A3956D46DE8}") = "ThingsGateway.Admin", "ThingsGateway.Admin", "{D405FFAC-EEAD-4CF1-8912-4DD1AAED76F7}"
EndProject
Project("{2150E333-8FDC-42A3-9474-1A3956D46DE8}") = "ThingsGateway.Gateway", "ThingsGateway.Gateway", "{5B7C16CC-5643-4EF9-8A4D-B1B3C4D48461}"
EndProject
Project("{2150E333-8FDC-42A3-9474-1A3956D46DE8}") = "ThingsGateway.Plugin", "ThingsGateway.Plugin", "{86119A5F-5717-42FF-8888-F034B4136A1B}"
	ProjectSection(SolutionItems) = preProject
		ThingsGateway.Plugin\Foundataion\Directory.Build.props = ThingsGateway.Plugin\Foundataion\Directory.Build.props
	EndProjectSection
EndProject
Project("{9A19103F-16F7-4668-BE54-9A1E7A4F7556}") = "ThingsGateway.Modbus", "ThingsGateway.Plugin\ThingsGateway.Modbus\ThingsGateway.Modbus.csproj", "{0F8486E7-5944-4121-B6D9-88F1F6314972}"
EndProject
Project("{9A19103F-16F7-4668-BE54-9A1E7A4F7556}") = "ThingsGateway.Foundation", "ThingsGateway.Foundation\ThingsGateway.Foundation.csproj", "{5497AE21-D52D-4BAC-8A42-DA04C34BCB64}"
EndProject
Project("{9A19103F-16F7-4668-BE54-9A1E7A4F7556}") = "ThingsGateway.ApiController", "ThingsGateway.ApiController\ThingsGateway.ApiController.csproj", "{8F669263-40C9-4502-9B1B-DD86E1AC7BB8}"
EndProject
Project("{9A19103F-16F7-4668-BE54-9A1E7A4F7556}") = "ThingsGateway.Application", "ThingsGateway.Application\ThingsGateway.Application.csproj", "{C6D1C885-B8E5-4F07-9490-587ED6315CD7}"
EndProject
Project("{9A19103F-16F7-4668-BE54-9A1E7A4F7556}") = "ThingsGateway.Blazor", "ThingsGateway.Blazor\ThingsGateway.Blazor.csproj", "{E31B3186-04BB-448D-B16B-FD4ECF4B57AE}"
EndProject
Project("{2150E333-8FDC-42A3-9474-1A3956D46DE8}") = "Modbus", "Modbus", "{57BB8507-47A8-471E-BD16-19B7C82712E0}"
EndProject
Project("{9A19103F-16F7-4668-BE54-9A1E7A4F7556}") = "ThingsGateway.Foundation.Adapter.Modbus", "ThingsGateway.Plugin\Foundataion\ThingsGateway.Foundation.Adapter.Modbus\ThingsGateway.Foundation.Adapter.Modbus.csproj", "{CE85672C-8D0F-4C78-9B9E-0BA73B4E695F}"
EndProject
Project("{2150E333-8FDC-42A3-9474-1A3956D46DE8}") = "Kafka", "Kafka", "{B942DABA-D7F2-4B54-80E5-84E48A6D09FC}"
EndProject
Project("{9A19103F-16F7-4668-BE54-9A1E7A4F7556}") = "ThingsGateway.Kafka", "ThingsGateway.Plugin\ThingsGateway.Kafka\ThingsGateway.Kafka.csproj", "{877E0A95-E7F6-4650-B290-D917B82AEEEC}"
EndProject
Project("{2150E333-8FDC-42A3-9474-1A3956D46DE8}") = "RabbitMQ", "RabbitMQ", "{B23B2396-619D-4F55-B630-53C30528EC15}"
EndProject
Project("{9A19103F-16F7-4668-BE54-9A1E7A4F7556}") = "ThingsGateway.RabbitMQ", "ThingsGateway.Plugin\ThingsGateway.RabbitMQ\ThingsGateway.RabbitMQ.csproj", "{AC605E6B-DB1E-4313-BA86-AC44EC51A7DB}"
EndProject
Project("{2150E333-8FDC-42A3-9474-1A3956D46DE8}") = "Mqtt", "Mqtt", "{2A8E6F0C-AF4E-4B50-91FB-CE8FBDC5B45E}"
EndProject
Project("{9A19103F-16F7-4668-BE54-9A1E7A4F7556}") = "ThingsGateway.Mqtt", "ThingsGateway.Plugin\ThingsGateway.Mqtt\ThingsGateway.Mqtt.csproj", "{D65DB6E8-D360-4F33-B93F-2F9441049A77}"
EndProject
Project("{2150E333-8FDC-42A3-9474-1A3956D46DE8}") = "S7", "S7", "{879E877F-C8A8-4561-AF65-309C47DF7517}"
EndProject
Project("{9A19103F-16F7-4668-BE54-9A1E7A4F7556}") = "ThingsGateway.Siemens", "ThingsGateway.Plugin\ThingsGateway.Siemens\ThingsGateway.Siemens.csproj", "{52F1174F-718E-4B02-BABE-F9E76CB3B85D}"
EndProject
Project("{9A19103F-16F7-4668-BE54-9A1E7A4F7556}") = "ThingsGateway.Foundation.Adapter.Siemens", "ThingsGateway.Plugin\Foundataion\ThingsGateway.Foundation.Adapter.Siemens\ThingsGateway.Foundation.Adapter.Siemens.csproj", "{48B46A44-EB3B-4A82-A2C1-CB165224DD9E}"
EndProject
Project("{2150E333-8FDC-42A3-9474-1A3956D46DE8}") = "OPCDA", "OPCDA", "{66BC3875-457D-42EA-B70F-AAE17A45DA04}"
EndProject
Project("{9A19103F-16F7-4668-BE54-9A1E7A4F7556}") = "ThingsGateway.OPCDA", "ThingsGateway.Plugin\ThingsGateway.OPCDA\ThingsGateway.OPCDA.csproj", "{818F3BCC-3375-48F8-BFF1-D9E8B55C33A1}"
EndProject
Project("{9A19103F-16F7-4668-BE54-9A1E7A4F7556}") = "ThingsGateway.Foundation.Adapter.OPCDA", "ThingsGateway.Plugin\Foundataion\ThingsGateway.Foundation.Adapter.OPCDA\ThingsGateway.Foundation.Adapter.OPCDA.csproj", "{78EBBD97-6EC4-4092-8FB6-FA97953CDEC4}"
EndProject
Project("{2150E333-8FDC-42A3-9474-1A3956D46DE8}") = "OPCUA", "OPCUA", "{F2DF3BE7-D497-44B3-9CD6-CDDBC4FBD09C}"
EndProject
Project("{9A19103F-16F7-4668-BE54-9A1E7A4F7556}") = "ThingsGateway.OPCUA", "ThingsGateway.Plugin\ThingsGateway.OPCUA\ThingsGateway.OPCUA.csproj", "{8F21F851-6AAE-4A78-9F11-D0EED0D3E9BE}"
EndProject
Project("{9A19103F-16F7-4668-BE54-9A1E7A4F7556}") = "ThingsGateway.Foundation.Adapter.OPCUA", "ThingsGateway.Plugin\Foundataion\ThingsGateway.Foundation.Adapter.OPCUA\ThingsGateway.Foundation.Adapter.OPCUA.csproj", "{E1C327FA-C442-45DD-9265-9EA26573B61E}"
EndProject
Project("{9A19103F-16F7-4668-BE54-9A1E7A4F7556}") = "ModbusTest", "ThingsGateway.Plugin\Foundataion.ConsoleTests\ModbusTest\ModbusTest.csproj", "{BA2AC34C-F640-466E-B2CC-933A8658A16E}"
EndProject
Project("{2150E333-8FDC-42A3-9474-1A3956D46DE8}") = "Dlt645", "Dlt645", "{27B13F0D-2D0D-40C6-AC42-5F4B3BDE4A02}"
EndProject
Project("{9A19103F-16F7-4668-BE54-9A1E7A4F7556}") = "DLT645Test", "ThingsGateway.Plugin\Foundataion.ConsoleTests\DLT645Test\DLT645Test.csproj", "{B9707E29-84E7-474A-8229-B203BC0DC392}"
EndProject
Project("{9A19103F-16F7-4668-BE54-9A1E7A4F7556}") = "ThingsGateway.Foundation.Adapter.DLT645", "ThingsGateway.Plugin\Foundataion\ThingsGateway.Foundation.Adapter.DLT645\ThingsGateway.Foundation.Adapter.DLT645.csproj", "{D0B6D912-027D-451C-A8C8-ADC461F4AD99}"
EndProject
Project("{9A19103F-16F7-4668-BE54-9A1E7A4F7556}") = "ThingsGateway.DLT645", "ThingsGateway.Plugin\ThingsGateway.DLT645\ThingsGateway.DLT645.csproj", "{30A7CA70-DDC2-4E5E-8F70-1F2BECE61093}"
EndProject
Project("{9A19103F-16F7-4668-BE54-9A1E7A4F7556}") = "OPCUAClientTest", "ThingsGateway.Plugin\Foundataion.ConsoleTests\OPCUAClientTest\OPCUAClientTest.csproj", "{0ABC8437-8489-4DE5-A7C6-1C2705D23D53}"
EndProject
Global
	GlobalSection(SolutionConfigurationPlatforms) = preSolution
		Debug|Any CPU = Debug|Any CPU
		Release|Any CPU = Release|Any CPU
	EndGlobalSection
	GlobalSection(ProjectConfigurationPlatforms) = postSolution
		{62FA6CF1-DB7E-4457-9EB7-C825A89751EC}.Debug|Any CPU.ActiveCfg = Debug|Any CPU
		{62FA6CF1-DB7E-4457-9EB7-C825A89751EC}.Debug|Any CPU.Build.0 = Debug|Any CPU
		{62FA6CF1-DB7E-4457-9EB7-C825A89751EC}.Release|Any CPU.ActiveCfg = Release|Any CPU
		{62FA6CF1-DB7E-4457-9EB7-C825A89751EC}.Release|Any CPU.Build.0 = Release|Any CPU
		{1B5B6C91-4A6C-4635-8B2C-D0F0957D3788}.Debug|Any CPU.ActiveCfg = Debug|Any CPU
		{1B5B6C91-4A6C-4635-8B2C-D0F0957D3788}.Debug|Any CPU.Build.0 = Debug|Any CPU
		{1B5B6C91-4A6C-4635-8B2C-D0F0957D3788}.Release|Any CPU.ActiveCfg = Release|Any CPU
		{1B5B6C91-4A6C-4635-8B2C-D0F0957D3788}.Release|Any CPU.Build.0 = Release|Any CPU
		{E7DD3841-A7AD-4CC9-9122-E62C7976AA99}.Debug|Any CPU.ActiveCfg = Debug|Any CPU
		{E7DD3841-A7AD-4CC9-9122-E62C7976AA99}.Debug|Any CPU.Build.0 = Debug|Any CPU
		{E7DD3841-A7AD-4CC9-9122-E62C7976AA99}.Release|Any CPU.ActiveCfg = Release|Any CPU
		{E7DD3841-A7AD-4CC9-9122-E62C7976AA99}.Release|Any CPU.Build.0 = Release|Any CPU
		{096A0468-B4F0-490F-ABDF-78F66CCE2870}.Debug|Any CPU.ActiveCfg = Debug|Any CPU
		{096A0468-B4F0-490F-ABDF-78F66CCE2870}.Debug|Any CPU.Build.0 = Debug|Any CPU
		{096A0468-B4F0-490F-ABDF-78F66CCE2870}.Release|Any CPU.ActiveCfg = Release|Any CPU
		{096A0468-B4F0-490F-ABDF-78F66CCE2870}.Release|Any CPU.Build.0 = Release|Any CPU
		{6819B227-F69F-4478-819B-B95F170E11D5}.Debug|Any CPU.ActiveCfg = Debug|Any CPU
		{6819B227-F69F-4478-819B-B95F170E11D5}.Debug|Any CPU.Build.0 = Debug|Any CPU
		{6819B227-F69F-4478-819B-B95F170E11D5}.Release|Any CPU.ActiveCfg = Release|Any CPU
		{6819B227-F69F-4478-819B-B95F170E11D5}.Release|Any CPU.Build.0 = Release|Any CPU
		{2C2BEC10-8B46-4892-8CA5-0FCF1477834E}.Debug|Any CPU.ActiveCfg = Debug|Any CPU
		{2C2BEC10-8B46-4892-8CA5-0FCF1477834E}.Debug|Any CPU.Build.0 = Debug|Any CPU
		{2C2BEC10-8B46-4892-8CA5-0FCF1477834E}.Release|Any CPU.ActiveCfg = Release|Any CPU
		{2C2BEC10-8B46-4892-8CA5-0FCF1477834E}.Release|Any CPU.Build.0 = Release|Any CPU
		{516316AA-8891-4741-8D30-9565CEB64FEA}.Debug|Any CPU.ActiveCfg = Debug|Any CPU
		{516316AA-8891-4741-8D30-9565CEB64FEA}.Debug|Any CPU.Build.0 = Debug|Any CPU
		{516316AA-8891-4741-8D30-9565CEB64FEA}.Release|Any CPU.ActiveCfg = Release|Any CPU
		{516316AA-8891-4741-8D30-9565CEB64FEA}.Release|Any CPU.Build.0 = Release|Any CPU
		{0F8486E7-5944-4121-B6D9-88F1F6314972}.Debug|Any CPU.ActiveCfg = Debug|Any CPU
		{0F8486E7-5944-4121-B6D9-88F1F6314972}.Debug|Any CPU.Build.0 = Debug|Any CPU
		{0F8486E7-5944-4121-B6D9-88F1F6314972}.Release|Any CPU.ActiveCfg = Release|Any CPU
		{0F8486E7-5944-4121-B6D9-88F1F6314972}.Release|Any CPU.Build.0 = Release|Any CPU
		{5497AE21-D52D-4BAC-8A42-DA04C34BCB64}.Debug|Any CPU.ActiveCfg = Debug|Any CPU
		{5497AE21-D52D-4BAC-8A42-DA04C34BCB64}.Debug|Any CPU.Build.0 = Debug|Any CPU
		{5497AE21-D52D-4BAC-8A42-DA04C34BCB64}.Release|Any CPU.ActiveCfg = Release|Any CPU
		{5497AE21-D52D-4BAC-8A42-DA04C34BCB64}.Release|Any CPU.Build.0 = Release|Any CPU
		{8F669263-40C9-4502-9B1B-DD86E1AC7BB8}.Debug|Any CPU.ActiveCfg = Debug|Any CPU
		{8F669263-40C9-4502-9B1B-DD86E1AC7BB8}.Debug|Any CPU.Build.0 = Debug|Any CPU
		{8F669263-40C9-4502-9B1B-DD86E1AC7BB8}.Release|Any CPU.ActiveCfg = Release|Any CPU
		{8F669263-40C9-4502-9B1B-DD86E1AC7BB8}.Release|Any CPU.Build.0 = Release|Any CPU
		{C6D1C885-B8E5-4F07-9490-587ED6315CD7}.Debug|Any CPU.ActiveCfg = Debug|Any CPU
		{C6D1C885-B8E5-4F07-9490-587ED6315CD7}.Debug|Any CPU.Build.0 = Debug|Any CPU
		{C6D1C885-B8E5-4F07-9490-587ED6315CD7}.Release|Any CPU.ActiveCfg = Release|Any CPU
		{C6D1C885-B8E5-4F07-9490-587ED6315CD7}.Release|Any CPU.Build.0 = Release|Any CPU
		{E31B3186-04BB-448D-B16B-FD4ECF4B57AE}.Debug|Any CPU.ActiveCfg = Debug|Any CPU
		{E31B3186-04BB-448D-B16B-FD4ECF4B57AE}.Debug|Any CPU.Build.0 = Debug|Any CPU
		{E31B3186-04BB-448D-B16B-FD4ECF4B57AE}.Release|Any CPU.ActiveCfg = Release|Any CPU
		{E31B3186-04BB-448D-B16B-FD4ECF4B57AE}.Release|Any CPU.Build.0 = Release|Any CPU
		{CE85672C-8D0F-4C78-9B9E-0BA73B4E695F}.Debug|Any CPU.ActiveCfg = Debug|Any CPU
		{CE85672C-8D0F-4C78-9B9E-0BA73B4E695F}.Debug|Any CPU.Build.0 = Debug|Any CPU
		{CE85672C-8D0F-4C78-9B9E-0BA73B4E695F}.Release|Any CPU.ActiveCfg = Release|Any CPU
		{CE85672C-8D0F-4C78-9B9E-0BA73B4E695F}.Release|Any CPU.Build.0 = Release|Any CPU
		{877E0A95-E7F6-4650-B290-D917B82AEEEC}.Debug|Any CPU.ActiveCfg = Debug|Any CPU
		{877E0A95-E7F6-4650-B290-D917B82AEEEC}.Debug|Any CPU.Build.0 = Debug|Any CPU
		{877E0A95-E7F6-4650-B290-D917B82AEEEC}.Release|Any CPU.ActiveCfg = Release|Any CPU
		{877E0A95-E7F6-4650-B290-D917B82AEEEC}.Release|Any CPU.Build.0 = Release|Any CPU
		{AC605E6B-DB1E-4313-BA86-AC44EC51A7DB}.Debug|Any CPU.ActiveCfg = Debug|Any CPU
		{AC605E6B-DB1E-4313-BA86-AC44EC51A7DB}.Debug|Any CPU.Build.0 = Debug|Any CPU
		{AC605E6B-DB1E-4313-BA86-AC44EC51A7DB}.Release|Any CPU.ActiveCfg = Release|Any CPU
		{AC605E6B-DB1E-4313-BA86-AC44EC51A7DB}.Release|Any CPU.Build.0 = Release|Any CPU
		{D65DB6E8-D360-4F33-B93F-2F9441049A77}.Debug|Any CPU.ActiveCfg = Debug|Any CPU
		{D65DB6E8-D360-4F33-B93F-2F9441049A77}.Debug|Any CPU.Build.0 = Debug|Any CPU
		{D65DB6E8-D360-4F33-B93F-2F9441049A77}.Release|Any CPU.ActiveCfg = Release|Any CPU
		{D65DB6E8-D360-4F33-B93F-2F9441049A77}.Release|Any CPU.Build.0 = Release|Any CPU
		{52F1174F-718E-4B02-BABE-F9E76CB3B85D}.Debug|Any CPU.ActiveCfg = Debug|Any CPU
		{52F1174F-718E-4B02-BABE-F9E76CB3B85D}.Debug|Any CPU.Build.0 = Debug|Any CPU
		{52F1174F-718E-4B02-BABE-F9E76CB3B85D}.Release|Any CPU.ActiveCfg = Release|Any CPU
		{52F1174F-718E-4B02-BABE-F9E76CB3B85D}.Release|Any CPU.Build.0 = Release|Any CPU
		{48B46A44-EB3B-4A82-A2C1-CB165224DD9E}.Debug|Any CPU.ActiveCfg = Debug|Any CPU
		{48B46A44-EB3B-4A82-A2C1-CB165224DD9E}.Debug|Any CPU.Build.0 = Debug|Any CPU
		{48B46A44-EB3B-4A82-A2C1-CB165224DD9E}.Release|Any CPU.ActiveCfg = Release|Any CPU
		{48B46A44-EB3B-4A82-A2C1-CB165224DD9E}.Release|Any CPU.Build.0 = Release|Any CPU
		{818F3BCC-3375-48F8-BFF1-D9E8B55C33A1}.Debug|Any CPU.ActiveCfg = Debug|Any CPU
		{818F3BCC-3375-48F8-BFF1-D9E8B55C33A1}.Debug|Any CPU.Build.0 = Debug|Any CPU
		{818F3BCC-3375-48F8-BFF1-D9E8B55C33A1}.Release|Any CPU.ActiveCfg = Release|Any CPU
		{818F3BCC-3375-48F8-BFF1-D9E8B55C33A1}.Release|Any CPU.Build.0 = Release|Any CPU
		{78EBBD97-6EC4-4092-8FB6-FA97953CDEC4}.Debug|Any CPU.ActiveCfg = Debug|Any CPU
		{78EBBD97-6EC4-4092-8FB6-FA97953CDEC4}.Debug|Any CPU.Build.0 = Debug|Any CPU
		{78EBBD97-6EC4-4092-8FB6-FA97953CDEC4}.Release|Any CPU.ActiveCfg = Release|Any CPU
		{78EBBD97-6EC4-4092-8FB6-FA97953CDEC4}.Release|Any CPU.Build.0 = Release|Any CPU
		{8F21F851-6AAE-4A78-9F11-D0EED0D3E9BE}.Debug|Any CPU.ActiveCfg = Debug|Any CPU
		{8F21F851-6AAE-4A78-9F11-D0EED0D3E9BE}.Debug|Any CPU.Build.0 = Debug|Any CPU
		{8F21F851-6AAE-4A78-9F11-D0EED0D3E9BE}.Release|Any CPU.ActiveCfg = Release|Any CPU
		{8F21F851-6AAE-4A78-9F11-D0EED0D3E9BE}.Release|Any CPU.Build.0 = Release|Any CPU
		{E1C327FA-C442-45DD-9265-9EA26573B61E}.Debug|Any CPU.ActiveCfg = Debug|Any CPU
		{E1C327FA-C442-45DD-9265-9EA26573B61E}.Debug|Any CPU.Build.0 = Debug|Any CPU
		{E1C327FA-C442-45DD-9265-9EA26573B61E}.Release|Any CPU.ActiveCfg = Release|Any CPU
		{E1C327FA-C442-45DD-9265-9EA26573B61E}.Release|Any CPU.Build.0 = Release|Any CPU
		{BA2AC34C-F640-466E-B2CC-933A8658A16E}.Debug|Any CPU.ActiveCfg = Debug|Any CPU
		{BA2AC34C-F640-466E-B2CC-933A8658A16E}.Debug|Any CPU.Build.0 = Debug|Any CPU
		{BA2AC34C-F640-466E-B2CC-933A8658A16E}.Release|Any CPU.ActiveCfg = Release|Any CPU
		{BA2AC34C-F640-466E-B2CC-933A8658A16E}.Release|Any CPU.Build.0 = Release|Any CPU
		{B9707E29-84E7-474A-8229-B203BC0DC392}.Debug|Any CPU.ActiveCfg = Debug|Any CPU
		{B9707E29-84E7-474A-8229-B203BC0DC392}.Debug|Any CPU.Build.0 = Debug|Any CPU
		{B9707E29-84E7-474A-8229-B203BC0DC392}.Release|Any CPU.ActiveCfg = Release|Any CPU
		{B9707E29-84E7-474A-8229-B203BC0DC392}.Release|Any CPU.Build.0 = Release|Any CPU
		{D0B6D912-027D-451C-A8C8-ADC461F4AD99}.Debug|Any CPU.ActiveCfg = Debug|Any CPU
		{D0B6D912-027D-451C-A8C8-ADC461F4AD99}.Debug|Any CPU.Build.0 = Debug|Any CPU
		{D0B6D912-027D-451C-A8C8-ADC461F4AD99}.Release|Any CPU.ActiveCfg = Release|Any CPU
		{D0B6D912-027D-451C-A8C8-ADC461F4AD99}.Release|Any CPU.Build.0 = Release|Any CPU
		{30A7CA70-DDC2-4E5E-8F70-1F2BECE61093}.Debug|Any CPU.ActiveCfg = Debug|Any CPU
		{30A7CA70-DDC2-4E5E-8F70-1F2BECE61093}.Debug|Any CPU.Build.0 = Debug|Any CPU
		{30A7CA70-DDC2-4E5E-8F70-1F2BECE61093}.Release|Any CPU.ActiveCfg = Release|Any CPU
		{30A7CA70-DDC2-4E5E-8F70-1F2BECE61093}.Release|Any CPU.Build.0 = Release|Any CPU
		{0ABC8437-8489-4DE5-A7C6-1C2705D23D53}.Debug|Any CPU.ActiveCfg = Debug|Any CPU
		{0ABC8437-8489-4DE5-A7C6-1C2705D23D53}.Debug|Any CPU.Build.0 = Debug|Any CPU
		{0ABC8437-8489-4DE5-A7C6-1C2705D23D53}.Release|Any CPU.ActiveCfg = Release|Any CPU
		{0ABC8437-8489-4DE5-A7C6-1C2705D23D53}.Release|Any CPU.Build.0 = Release|Any CPU
	EndGlobalSection
	GlobalSection(SolutionProperties) = preSolution
		HideSolutionNode = FALSE
	EndGlobalSection
	GlobalSection(NestedProjects) = preSolution
		{62FA6CF1-DB7E-4457-9EB7-C825A89751EC} = {D405FFAC-EEAD-4CF1-8912-4DD1AAED76F7}
		{096A0468-B4F0-490F-ABDF-78F66CCE2870} = {D405FFAC-EEAD-4CF1-8912-4DD1AAED76F7}
		{6819B227-F69F-4478-819B-B95F170E11D5} = {D405FFAC-EEAD-4CF1-8912-4DD1AAED76F7}
		{2C2BEC10-8B46-4892-8CA5-0FCF1477834E} = {D405FFAC-EEAD-4CF1-8912-4DD1AAED76F7}
		{516316AA-8891-4741-8D30-9565CEB64FEA} = {D405FFAC-EEAD-4CF1-8912-4DD1AAED76F7}
		{0F8486E7-5944-4121-B6D9-88F1F6314972} = {57BB8507-47A8-471E-BD16-19B7C82712E0}
		{5497AE21-D52D-4BAC-8A42-DA04C34BCB64} = {5B7C16CC-5643-4EF9-8A4D-B1B3C4D48461}
		{8F669263-40C9-4502-9B1B-DD86E1AC7BB8} = {5B7C16CC-5643-4EF9-8A4D-B1B3C4D48461}
		{C6D1C885-B8E5-4F07-9490-587ED6315CD7} = {5B7C16CC-5643-4EF9-8A4D-B1B3C4D48461}
		{E31B3186-04BB-448D-B16B-FD4ECF4B57AE} = {5B7C16CC-5643-4EF9-8A4D-B1B3C4D48461}
		{57BB8507-47A8-471E-BD16-19B7C82712E0} = {86119A5F-5717-42FF-8888-F034B4136A1B}
		{CE85672C-8D0F-4C78-9B9E-0BA73B4E695F} = {57BB8507-47A8-471E-BD16-19B7C82712E0}
		{B942DABA-D7F2-4B54-80E5-84E48A6D09FC} = {86119A5F-5717-42FF-8888-F034B4136A1B}
		{877E0A95-E7F6-4650-B290-D917B82AEEEC} = {B942DABA-D7F2-4B54-80E5-84E48A6D09FC}
		{B23B2396-619D-4F55-B630-53C30528EC15} = {86119A5F-5717-42FF-8888-F034B4136A1B}
		{AC605E6B-DB1E-4313-BA86-AC44EC51A7DB} = {B23B2396-619D-4F55-B630-53C30528EC15}
		{2A8E6F0C-AF4E-4B50-91FB-CE8FBDC5B45E} = {86119A5F-5717-42FF-8888-F034B4136A1B}
		{D65DB6E8-D360-4F33-B93F-2F9441049A77} = {2A8E6F0C-AF4E-4B50-91FB-CE8FBDC5B45E}
		{879E877F-C8A8-4561-AF65-309C47DF7517} = {86119A5F-5717-42FF-8888-F034B4136A1B}
		{52F1174F-718E-4B02-BABE-F9E76CB3B85D} = {879E877F-C8A8-4561-AF65-309C47DF7517}
		{48B46A44-EB3B-4A82-A2C1-CB165224DD9E} = {879E877F-C8A8-4561-AF65-309C47DF7517}
		{66BC3875-457D-42EA-B70F-AAE17A45DA04} = {86119A5F-5717-42FF-8888-F034B4136A1B}
		{818F3BCC-3375-48F8-BFF1-D9E8B55C33A1} = {66BC3875-457D-42EA-B70F-AAE17A45DA04}
		{78EBBD97-6EC4-4092-8FB6-FA97953CDEC4} = {66BC3875-457D-42EA-B70F-AAE17A45DA04}
		{F2DF3BE7-D497-44B3-9CD6-CDDBC4FBD09C} = {86119A5F-5717-42FF-8888-F034B4136A1B}
		{8F21F851-6AAE-4A78-9F11-D0EED0D3E9BE} = {F2DF3BE7-D497-44B3-9CD6-CDDBC4FBD09C}
		{E1C327FA-C442-45DD-9265-9EA26573B61E} = {F2DF3BE7-D497-44B3-9CD6-CDDBC4FBD09C}
		{BA2AC34C-F640-466E-B2CC-933A8658A16E} = {57BB8507-47A8-471E-BD16-19B7C82712E0}
		{27B13F0D-2D0D-40C6-AC42-5F4B3BDE4A02} = {86119A5F-5717-42FF-8888-F034B4136A1B}
		{B9707E29-84E7-474A-8229-B203BC0DC392} = {27B13F0D-2D0D-40C6-AC42-5F4B3BDE4A02}
		{D0B6D912-027D-451C-A8C8-ADC461F4AD99} = {27B13F0D-2D0D-40C6-AC42-5F4B3BDE4A02}
		{30A7CA70-DDC2-4E5E-8F70-1F2BECE61093} = {27B13F0D-2D0D-40C6-AC42-5F4B3BDE4A02}
		{0ABC8437-8489-4DE5-A7C6-1C2705D23D53} = {F2DF3BE7-D497-44B3-9CD6-CDDBC4FBD09C}
	EndGlobalSection
	GlobalSection(ExtensibilityGlobals) = postSolution
		SolutionGuid = {38B292E0-B3E7-4608-9912-1B057C2A508F}
	EndGlobalSection
EndGlobal
