
Microsoft Visual Studio Solution File, Format Version 12.00
# Visual Studio Version 17
VisualStudioVersion = 17.6.33927.249
MinimumVisualStudioVersion = 10.0.40219.1
Project("{9A19103F-16F7-4668-BE54-9A1E7A4F7556}") = "ThingsGateway.Foundation", "Foundation\ThingsGateway.Foundation\ThingsGateway.Foundation.csproj", "{2070116F-7A1B-47E2-A2F2-7BEC29ECE891}"
EndProject
Project("{9A19103F-16F7-4668-BE54-9A1E7A4F7556}") = "ThingsGateway.Components", "Web\ThingsGateway.Components\ThingsGateway.Components.csproj", "{799C49A4-8E23-475A-A82D-080854718BEE}"
EndProject
Project("{9A19103F-16F7-4668-BE54-9A1E7A4F7556}") = "ThingsGateway.Core", "Web\ThingsGateway.Core\ThingsGateway.Core.csproj", "{51313113-7BB8-494E-9C24-6787BECE39BB}"
EndProject
Project("{9A19103F-16F7-4668-BE54-9A1E7A4F7556}") = "ThingsGateway.UpgradeManger", "UpgradeManger\ThingsGateway.UpgradeManger\ThingsGateway.UpgradeManger.csproj", "{84362F1D-E788-4646-B555-5A3629B55EFC}"
EndProject
Project("{9A19103F-16F7-4668-BE54-9A1E7A4F7556}") = "ThingsGateway.Upgrade", "UpgradeManger\ThingsGateway.Upgrade\ThingsGateway.Upgrade.csproj", "{681F774F-7B0B-450A-917C-1385E1847CA6}"
EndProject
Global
	GlobalSection(SolutionConfigurationPlatforms) = preSolution
		Debug|Any CPU = Debug|Any CPU
		Release|Any CPU = Release|Any CPU
	EndGlobalSection
	GlobalSection(ProjectConfigurationPlatforms) = postSolution
		{2070116F-7A1B-47E2-A2F2-7BEC29ECE891}.Debug|Any CPU.ActiveCfg = Debug|Any CPU
		{2070116F-7A1B-47E2-A2F2-7BEC29ECE891}.Debug|Any CPU.Build.0 = Debug|Any CPU
		{2070116F-7A1B-47E2-A2F2-7BEC29ECE891}.Release|Any CPU.ActiveCfg = Release|Any CPU
		{2070116F-7A1B-47E2-A2F2-7BEC29ECE891}.Release|Any CPU.Build.0 = Release|Any CPU
		{799C49A4-8E23-475A-A82D-080854718BEE}.Debug|Any CPU.ActiveCfg = Debug|Any CPU
		{799C49A4-8E23-475A-A82D-080854718BEE}.Debug|Any CPU.Build.0 = Debug|Any CPU
		{799C49A4-8E23-475A-A82D-080854718BEE}.Release|Any CPU.ActiveCfg = Release|Any CPU
		{799C49A4-8E23-475A-A82D-080854718BEE}.Release|Any CPU.Build.0 = Release|Any CPU
		{51313113-7BB8-494E-9C24-6787BECE39BB}.Debug|Any CPU.ActiveCfg = Debug|Any CPU
		{51313113-7BB8-494E-9C24-6787BECE39BB}.Debug|Any CPU.Build.0 = Debug|Any CPU
		{51313113-7BB8-494E-9C24-6787BECE39BB}.Release|Any CPU.ActiveCfg = Release|Any CPU
		{51313113-7BB8-494E-9C24-6787BECE39BB}.Release|Any CPU.Build.0 = Release|Any CPU
		{84362F1D-E788-4646-B555-5A3629B55EFC}.Debug|Any CPU.ActiveCfg = Debug|Any CPU
		{84362F1D-E788-4646-B555-5A3629B55EFC}.Debug|Any CPU.Build.0 = Debug|Any CPU
		{84362F1D-E788-4646-B555-5A3629B55EFC}.Release|Any CPU.ActiveCfg = Release|Any CPU
		{84362F1D-E788-4646-B555-5A3629B55EFC}.Release|Any CPU.Build.0 = Release|Any CPU
		{681F774F-7B0B-450A-917C-1385E1847CA6}.Debug|Any CPU.ActiveCfg = Debug|Any CPU
		{681F774F-7B0B-450A-917C-1385E1847CA6}.Debug|Any CPU.Build.0 = Debug|Any CPU
		{681F774F-7B0B-450A-917C-1385E1847CA6}.Release|Any CPU.ActiveCfg = Release|Any CPU
		{681F774F-7B0B-450A-917C-1385E1847CA6}.Release|Any CPU.Build.0 = Release|Any CPU
	EndGlobalSection
	GlobalSection(SolutionProperties) = preSolution
		HideSolutionNode = FALSE
	EndGlobalSection
	GlobalSection(ExtensibilityGlobals) = postSolution
		SolutionGuid = {C49B2D3E-6818-4E28-91B7-6E4E7E264BBB}
	EndGlobalSection
EndGlobal
