
Microsoft Visual Studio Solution File, Format Version 12.00
# Visual Studio Version 17
VisualStudioVersion = 17.6.33927.249
MinimumVisualStudioVersion = 10.0.40219.1
Project("{2150E333-8FDC-42A3-9474-1A3956D46DE8}") = "admin", "admin", "{4E66C22C-0636-4949-BF6A-9E3BBE1550BA}"
	ProjectSection(SolutionItems) = preProject
		admin\Directory.Build.props = admin\Directory.Build.props
	EndProjectSection
EndProject
Project("{9A19103F-16F7-4668-BE54-9A1E7A4F7556}") = "ThingsGateway.Components", "admin\ThingsGateway.Components\ThingsGateway.Components.csproj", "{0A891D8E-23B3-46AD-8D30-565EE5004F93}"
EndProject
Project("{9A19103F-16F7-4668-BE54-9A1E7A4F7556}") = "ThingsGateway.Core", "admin\ThingsGateway.Core\ThingsGateway.Core.csproj", "{A712EAEE-94F2-4F01-8C1C-2EC802280DD7}"
EndProject
Project("{9A19103F-16F7-4668-BE54-9A1E7A4F7556}") = "ThingsGateway.Admin.Core", "admin\ThingsGateway.Admin.Core\ThingsGateway.Admin.Core.csproj", "{5DA3D2BD-6768-4479-B52F-49E022EFF310}"
EndProject
Project("{9A19103F-16F7-4668-BE54-9A1E7A4F7556}") = "ThingsGateway.Admin.Blazor", "admin\ThingsGateway.Admin.Blazor\ThingsGateway.Admin.Blazor.csproj", "{8DD5DF98-7FDE-4B49-8661-AEB44D923CFE}"
EndProject
Project("{9A19103F-16F7-4668-BE54-9A1E7A4F7556}") = "ThingsGateway.Admin.Application", "admin\ThingsGateway.Admin.Application\ThingsGateway.Admin.Application.csproj", "{D6685A42-2712-417A-92C5-5EFF90B9FA94}"
EndProject
Project("{9A19103F-16F7-4668-BE54-9A1E7A4F7556}") = "ThingsGateway.Admin.ApiController", "admin\ThingsGateway.Admin.ApiController\ThingsGateway.Admin.ApiController.csproj", "{0D17D801-6DAA-4FD1-9A99-F9F07FA6BA88}"
EndProject
Project("{2150E333-8FDC-42A3-9474-1A3956D46DE8}") = "web", "web", "{F0C9A8CB-231B-45E0-B91B-4FEF7EF47197}"
	ProjectSection(SolutionItems) = preProject
		web\Directory.Build.props = web\Directory.Build.props
	EndProjectSection
EndProject
Project("{9A19103F-16F7-4668-BE54-9A1E7A4F7556}") = "ThingsGateway.Web.Core", "web\ThingsGateway.Web.Core\ThingsGateway.Web.Core.csproj", "{D37EC028-EA46-4510-8261-6E780A906314}"
EndProject
Project("{9A19103F-16F7-4668-BE54-9A1E7A4F7556}") = "ThingsGateway.Web.Entry", "web\ThingsGateway.Web.Entry\ThingsGateway.Web.Entry.csproj", "{C5F662EB-991F-438D-BF61-EF87E7371C04}"
EndProject
Project("{2150E333-8FDC-42A3-9474-1A3956D46DE8}") = "解决方案项", "解决方案项", "{97B23D8B-C6C0-4746-A21F-C7B49354B284}"
	ProjectSection(SolutionItems) = preProject
		..\.gitignore = ..\.gitignore
	EndProjectSection
EndProject
Project("{9A19103F-16F7-4668-BE54-9A1E7A4F7556}") = "ThingsGateway.Foundation", "foundation\ThingsGateway.Foundation\ThingsGateway.Foundation.csproj", "{6961511A-8787-42AF-827D-B630B2AF4791}"
EndProject
Project("{2150E333-8FDC-42A3-9474-1A3956D46DE8}") = "foundation", "foundation", "{268A1A81-2685-47E1-9986-5934A58A31A4}"
EndProject
Global
	GlobalSection(SolutionConfigurationPlatforms) = preSolution
		Debug|Any CPU = Debug|Any CPU
		Release|Any CPU = Release|Any CPU
	EndGlobalSection
	GlobalSection(ProjectConfigurationPlatforms) = postSolution
		{0A891D8E-23B3-46AD-8D30-565EE5004F93}.Debug|Any CPU.ActiveCfg = Debug|Any CPU
		{0A891D8E-23B3-46AD-8D30-565EE5004F93}.Debug|Any CPU.Build.0 = Debug|Any CPU
		{0A891D8E-23B3-46AD-8D30-565EE5004F93}.Release|Any CPU.ActiveCfg = Release|Any CPU
		{0A891D8E-23B3-46AD-8D30-565EE5004F93}.Release|Any CPU.Build.0 = Release|Any CPU
		{A712EAEE-94F2-4F01-8C1C-2EC802280DD7}.Debug|Any CPU.ActiveCfg = Debug|Any CPU
		{A712EAEE-94F2-4F01-8C1C-2EC802280DD7}.Debug|Any CPU.Build.0 = Debug|Any CPU
		{A712EAEE-94F2-4F01-8C1C-2EC802280DD7}.Release|Any CPU.ActiveCfg = Release|Any CPU
		{A712EAEE-94F2-4F01-8C1C-2EC802280DD7}.Release|Any CPU.Build.0 = Release|Any CPU
		{5DA3D2BD-6768-4479-B52F-49E022EFF310}.Debug|Any CPU.ActiveCfg = Debug|Any CPU
		{5DA3D2BD-6768-4479-B52F-49E022EFF310}.Debug|Any CPU.Build.0 = Debug|Any CPU
		{5DA3D2BD-6768-4479-B52F-49E022EFF310}.Release|Any CPU.ActiveCfg = Release|Any CPU
		{5DA3D2BD-6768-4479-B52F-49E022EFF310}.Release|Any CPU.Build.0 = Release|Any CPU
		{8DD5DF98-7FDE-4B49-8661-AEB44D923CFE}.Debug|Any CPU.ActiveCfg = Debug|Any CPU
		{8DD5DF98-7FDE-4B49-8661-AEB44D923CFE}.Debug|Any CPU.Build.0 = Debug|Any CPU
		{8DD5DF98-7FDE-4B49-8661-AEB44D923CFE}.Release|Any CPU.ActiveCfg = Release|Any CPU
		{8DD5DF98-7FDE-4B49-8661-AEB44D923CFE}.Release|Any CPU.Build.0 = Release|Any CPU
		{D6685A42-2712-417A-92C5-5EFF90B9FA94}.Debug|Any CPU.ActiveCfg = Debug|Any CPU
		{D6685A42-2712-417A-92C5-5EFF90B9FA94}.Debug|Any CPU.Build.0 = Debug|Any CPU
		{D6685A42-2712-417A-92C5-5EFF90B9FA94}.Release|Any CPU.ActiveCfg = Release|Any CPU
		{D6685A42-2712-417A-92C5-5EFF90B9FA94}.Release|Any CPU.Build.0 = Release|Any CPU
		{0D17D801-6DAA-4FD1-9A99-F9F07FA6BA88}.Debug|Any CPU.ActiveCfg = Debug|Any CPU
		{0D17D801-6DAA-4FD1-9A99-F9F07FA6BA88}.Debug|Any CPU.Build.0 = Debug|Any CPU
		{0D17D801-6DAA-4FD1-9A99-F9F07FA6BA88}.Release|Any CPU.ActiveCfg = Release|Any CPU
		{0D17D801-6DAA-4FD1-9A99-F9F07FA6BA88}.Release|Any CPU.Build.0 = Release|Any CPU
		{D37EC028-EA46-4510-8261-6E780A906314}.Debug|Any CPU.ActiveCfg = Debug|Any CPU
		{D37EC028-EA46-4510-8261-6E780A906314}.Debug|Any CPU.Build.0 = Debug|Any CPU
		{D37EC028-EA46-4510-8261-6E780A906314}.Release|Any CPU.ActiveCfg = Release|Any CPU
		{D37EC028-EA46-4510-8261-6E780A906314}.Release|Any CPU.Build.0 = Release|Any CPU
		{C5F662EB-991F-438D-BF61-EF87E7371C04}.Debug|Any CPU.ActiveCfg = Debug|Any CPU
		{C5F662EB-991F-438D-BF61-EF87E7371C04}.Debug|Any CPU.Build.0 = Debug|Any CPU
		{C5F662EB-991F-438D-BF61-EF87E7371C04}.Release|Any CPU.ActiveCfg = Release|Any CPU
		{C5F662EB-991F-438D-BF61-EF87E7371C04}.Release|Any CPU.Build.0 = Release|Any CPU
		{6961511A-8787-42AF-827D-B630B2AF4791}.Debug|Any CPU.ActiveCfg = Debug|Any CPU
		{6961511A-8787-42AF-827D-B630B2AF4791}.Debug|Any CPU.Build.0 = Debug|Any CPU
		{6961511A-8787-42AF-827D-B630B2AF4791}.Release|Any CPU.ActiveCfg = Release|Any CPU
		{6961511A-8787-42AF-827D-B630B2AF4791}.Release|Any CPU.Build.0 = Release|Any CPU
	EndGlobalSection
	GlobalSection(SolutionProperties) = preSolution
		HideSolutionNode = FALSE
	EndGlobalSection
	GlobalSection(NestedProjects) = preSolution
		{0A891D8E-23B3-46AD-8D30-565EE5004F93} = {4E66C22C-0636-4949-BF6A-9E3BBE1550BA}
		{A712EAEE-94F2-4F01-8C1C-2EC802280DD7} = {4E66C22C-0636-4949-BF6A-9E3BBE1550BA}
		{5DA3D2BD-6768-4479-B52F-49E022EFF310} = {4E66C22C-0636-4949-BF6A-9E3BBE1550BA}
		{8DD5DF98-7FDE-4B49-8661-AEB44D923CFE} = {4E66C22C-0636-4949-BF6A-9E3BBE1550BA}
		{D6685A42-2712-417A-92C5-5EFF90B9FA94} = {4E66C22C-0636-4949-BF6A-9E3BBE1550BA}
		{0D17D801-6DAA-4FD1-9A99-F9F07FA6BA88} = {4E66C22C-0636-4949-BF6A-9E3BBE1550BA}
		{D37EC028-EA46-4510-8261-6E780A906314} = {F0C9A8CB-231B-45E0-B91B-4FEF7EF47197}
		{C5F662EB-991F-438D-BF61-EF87E7371C04} = {F0C9A8CB-231B-45E0-B91B-4FEF7EF47197}
		{6961511A-8787-42AF-827D-B630B2AF4791} = {268A1A81-2685-47E1-9986-5934A58A31A4}
	EndGlobalSection
	GlobalSection(ExtensibilityGlobals) = postSolution
		SolutionGuid = {C49B2D3E-6818-4E28-91B7-6E4E7E264BBB}
	EndGlobalSection
EndGlobal
