
Microsoft Visual Studio Solution File, Format Version 12.00
# Visual Studio Version 17
VisualStudioVersion = 17.6.33927.249
MinimumVisualStudioVersion = 10.0.40219.1
Project("{9A19103F-16F7-4668-BE54-9A1E7A4F7556}") = "ThingsGateway.Foundation", "foundation\ThingsGateway.foundation\ThingsGateway.Foundation.csproj", "{2070116F-7A1B-47E2-A2F2-7BEC29ECE891}"
EndProject
Project("{2150E333-8FDC-42A3-9474-1A3956D46DE8}") = "foundation", "foundation", "{0874CBC5-C583-4FAD-BA93-94571D446898}"
	ProjectSection(SolutionItems) = preProject
		foundation\Directory.Build.props = foundation\Directory.Build.props
	EndProjectSection
EndProject
Project("{9A19103F-16F7-4668-BE54-9A1E7A4F7556}") = "ThingsGateway.Foundation.Adapter.DLT645", "foundation\ThingsGateway.Foundation.Adapter.DLT645\ThingsGateway.Foundation.Adapter.DLT645.csproj", "{92963877-0185-45A5-A0EB-CEC0D55FF9B0}"
EndProject
Project("{9A19103F-16F7-4668-BE54-9A1E7A4F7556}") = "ThingsGateway.Foundation.Adapter.Modbus", "foundation\ThingsGateway.Foundation.Adapter.Modbus\ThingsGateway.Foundation.Adapter.Modbus.csproj", "{24510CCE-0B60-4A03-9719-CF367C3528E9}"
EndProject
Project("{9A19103F-16F7-4668-BE54-9A1E7A4F7556}") = "ThingsGateway.Foundation.Adapter.OPCDA", "foundation\ThingsGateway.Foundation.Adapter.OPCDA\ThingsGateway.Foundation.Adapter.OPCDA.csproj", "{566783A4-222B-46F5-AA12-0753997B3254}"
EndProject
Project("{9A19103F-16F7-4668-BE54-9A1E7A4F7556}") = "ThingsGateway.Foundation.Adapter.OPCUA", "foundation\ThingsGateway.Foundation.Adapter.OPCUA\ThingsGateway.Foundation.Adapter.OPCUA.csproj", "{BEFBC44A-E140-4E3E-AFBE-2DD8B98EB9BF}"
EndProject
Project("{9A19103F-16F7-4668-BE54-9A1E7A4F7556}") = "ThingsGateway.Foundation.Adapter.Siemens", "foundation\ThingsGateway.Foundation.Adapter.Siemens\ThingsGateway.Foundation.Adapter.Siemens.csproj", "{9695B353-D773-40DD-B65E-7B10EB0C16EC}"
EndProject
Project("{2150E333-8FDC-42A3-9474-1A3956D46DE8}") = "demo", "demo", "{358AE1E1-4DD6-4D1F-8935-1ACBB0111A01}"
	ProjectSection(SolutionItems) = preProject
		demo\Directory.Build.props = demo\Directory.Build.props
	EndProjectSection
EndProject
Project("{9A19103F-16F7-4668-BE54-9A1E7A4F7556}") = "ThingsGateway.Foundation.Demo.Photino", "demo\ThingsGateway.Foundation.Demo.Photino\ThingsGateway.Foundation.Demo.Photino.csproj", "{2192217C-CF77-422E-9E63-DF4003ABF01A}"
EndProject
Project("{9A19103F-16F7-4668-BE54-9A1E7A4F7556}") = "ThingsGateway.Foundation.Demo.Rcl", "demo\ThingsGateway.Foundation.Demo.Rcl\ThingsGateway.Foundation.Demo.Rcl.csproj", "{DE376FAD-1E99-4CEE-96B2-08B1D1F3D1DB}"
EndProject
Project("{9A19103F-16F7-4668-BE54-9A1E7A4F7556}") = "ThingsGateway.Foundation.Demo.Winform", "demo\ThingsGateway.Foundation.Demo.Winform\ThingsGateway.Foundation.Demo.Winform.csproj", "{ACAA3F0D-CE2B-49F4-883A-ED23ADD9E325}"
EndProject
Project("{2150E333-8FDC-42A3-9474-1A3956D46DE8}") = "gateway", "gateway", "{DFB97103-FC3A-4DC3-A327-DA8C65BDA607}"
	ProjectSection(SolutionItems) = preProject
		gateway\Directory.Build.props = gateway\Directory.Build.props
	EndProjectSection
EndProject
Project("{2150E333-8FDC-42A3-9474-1A3956D46DE8}") = "admin", "admin", "{4E66C22C-0636-4949-BF6A-9E3BBE1550BA}"
	ProjectSection(SolutionItems) = preProject
		admin\Directory.Build.props = admin\Directory.Build.props
	EndProjectSection
EndProject
Project("{9A19103F-16F7-4668-BE54-9A1E7A4F7556}") = "ThingsGateway.Components", "admin\ThingsGateway.Components\ThingsGateway.Components.csproj", "{0A891D8E-23B3-46AD-8D30-565EE5004F93}"
EndProject
Project("{9A19103F-16F7-4668-BE54-9A1E7A4F7556}") = "ThingsGateway.Core", "admin\ThingsGateway.Core\ThingsGateway.Core.csproj", "{A712EAEE-94F2-4F01-8C1C-2EC802280DD7}"
EndProject
Project("{9A19103F-16F7-4668-BE54-9A1E7A4F7556}") = "ThingsGateway.Admin.Core", "admin\ThingsGateway.Admin.Core\ThingsGateway.Admin.Core.csproj", "{5DA3D2BD-6768-4479-B52F-49E022EFF310}"
EndProject
Project("{9A19103F-16F7-4668-BE54-9A1E7A4F7556}") = "ThingsGateway.Admin.Blazor", "admin\ThingsGateway.Admin.Blazor\ThingsGateway.Admin.Blazor.csproj", "{8DD5DF98-7FDE-4B49-8661-AEB44D923CFE}"
EndProject
Project("{9A19103F-16F7-4668-BE54-9A1E7A4F7556}") = "ThingsGateway.Admin.Application", "admin\ThingsGateway.Admin.Application\ThingsGateway.Admin.Application.csproj", "{D6685A42-2712-417A-92C5-5EFF90B9FA94}"
EndProject
Project("{9A19103F-16F7-4668-BE54-9A1E7A4F7556}") = "ThingsGateway.Admin.ApiController", "admin\ThingsGateway.Admin.ApiController\ThingsGateway.Admin.ApiController.csproj", "{0D17D801-6DAA-4FD1-9A99-F9F07FA6BA88}"
EndProject
Project("{9A19103F-16F7-4668-BE54-9A1E7A4F7556}") = "ThingsGateway.Gateway.Core", "gateway\ThingsGateway.Gateway.Core\ThingsGateway.Gateway.Core.csproj", "{1A4D0B95-9FC5-4687-94E2-B6F86B5427F2}"
EndProject
Project("{9A19103F-16F7-4668-BE54-9A1E7A4F7556}") = "ThingsGateway.Gateway.Blazor", "gateway\ThingsGateway.Gateway.Blazor\ThingsGateway.Gateway.Blazor.csproj", "{69EA3D89-CB40-425A-8D70-5E4A33337BE5}"
EndProject
Project("{9A19103F-16F7-4668-BE54-9A1E7A4F7556}") = "ThingsGateway.Gateway.Application", "gateway\ThingsGateway.Gateway.Application\ThingsGateway.Gateway.Application.csproj", "{90AB5C24-1AA3-4F58-9987-B307B92B5193}"
EndProject
Project("{9A19103F-16F7-4668-BE54-9A1E7A4F7556}") = "ThingsGateway.Gateway.ApiController", "gateway\ThingsGateway.Gateway.ApiController\ThingsGateway.Gateway.ApiController.csproj", "{4C7A5A90-8292-413B-8848-419D9DCDE66F}"
EndProject
Project("{2150E333-8FDC-42A3-9474-1A3956D46DE8}") = "web", "web", "{F0C9A8CB-231B-45E0-B91B-4FEF7EF47197}"
	ProjectSection(SolutionItems) = preProject
		web\Directory.Build.props = web\Directory.Build.props
	EndProjectSection
EndProject
Project("{9A19103F-16F7-4668-BE54-9A1E7A4F7556}") = "ThingsGateway.Web.Core", "web\ThingsGateway.Web.Core\ThingsGateway.Web.Core.csproj", "{D37EC028-EA46-4510-8261-6E780A906314}"
EndProject
Project("{9A19103F-16F7-4668-BE54-9A1E7A4F7556}") = "ThingsGateway.Web.Entry", "web\ThingsGateway.Web.Entry\ThingsGateway.Web.Entry.csproj", "{C5F662EB-991F-438D-BF61-EF87E7371C04}"
EndProject
Project("{2150E333-8FDC-42A3-9474-1A3956D46DE8}") = "plugin", "plugin", "{E65490B8-D2E2-4693-B39C-15703B1EBFBB}"
	ProjectSection(SolutionItems) = preProject
		plugin\Directory.Build.props = plugin\Directory.Build.props
	EndProjectSection
EndProject
Project("{9A19103F-16F7-4668-BE54-9A1E7A4F7556}") = "ThingsGateway.Plugin.Modbus", "plugin\ThingsGateway.Plugin.Modbus\ThingsGateway.Plugin.Modbus.csproj", "{ECF3A7A3-2363-4A38-BC78-8FF9A8564603}"
EndProject
Project("{9A19103F-16F7-4668-BE54-9A1E7A4F7556}") = "ThingsGateway.Plugin.Mqtt", "plugin\ThingsGateway.Plugin.Mqtt\ThingsGateway.Plugin.Mqtt.csproj", "{53C870AE-0249-4485-AE63-F8A16EA4BCB4}"
EndProject
Project("{2150E333-8FDC-42A3-9474-1A3956D46DE8}") = "解决方案项", "解决方案项", "{97B23D8B-C6C0-4746-A21F-C7B49354B284}"
	ProjectSection(SolutionItems) = preProject
		..\.gitignore = ..\.gitignore
	EndProjectSection
EndProject
Project("{9A19103F-16F7-4668-BE54-9A1E7A4F7556}") = "ThingsGateway.Plugin.Kafka", "plugin\ThingsGateway.Plugin.Kafka\ThingsGateway.Plugin.Kafka.csproj", "{E4B8B8E6-FAE7-43BA-9A51-33A3CD9FB825}"
EndProject
Project("{9A19103F-16F7-4668-BE54-9A1E7A4F7556}") = "ThingsGateway.Plugin.SQLDB", "plugin\ThingsGateway.Plugin.SQLDB\ThingsGateway.Plugin.SQLDB.csproj", "{C102AB3A-377E-4753-AFA7-C13250D7DF00}"
EndProject
Project("{9A19103F-16F7-4668-BE54-9A1E7A4F7556}") = "ThingsGateway.Plugin.QuestDB", "plugin\ThingsGateway.Plugin.QuestDB\ThingsGateway.Plugin.QuestDB.csproj", "{0DE1D254-0BD2-4D98-B939-5440BE5EB552}"
EndProject
Project("{9A19103F-16F7-4668-BE54-9A1E7A4F7556}") = "ThingsGateway.Plugin.TDengineDB", "plugin\ThingsGateway.Plugin.TDengineDB\ThingsGateway.Plugin.TDengineDB.csproj", "{C1911F84-6FDB-4DEC-8938-69B2E3901CC4}"
EndProject
Project("{9A19103F-16F7-4668-BE54-9A1E7A4F7556}") = "ThingsGateway.Plugin.RabbitMQ", "plugin\ThingsGateway.Plugin.RabbitMQ\ThingsGateway.Plugin.RabbitMQ.csproj", "{A8E68E17-4EBF-4E4C-8272-B489329A68BF}"
EndProject
Project("{9A19103F-16F7-4668-BE54-9A1E7A4F7556}") = "ThingsGateway.Plugin.Siemens", "plugin\ThingsGateway.Plugin.Siemens\ThingsGateway.Plugin.Siemens.csproj", "{5FAFD46E-6B98-4C75-B1EB-085AA18F15FD}"
EndProject
Project("{9A19103F-16F7-4668-BE54-9A1E7A4F7556}") = "ThingsGateway.Plugin.DLT645", "plugin\ThingsGateway.Plugin.DLT645\ThingsGateway.Plugin.DLT645.csproj", "{AC4295F2-AB2F-4137-99EF-80FA5C83896B}"
EndProject
Project("{9A19103F-16F7-4668-BE54-9A1E7A4F7556}") = "ThingsGateway.Plugin.OPCDA", "plugin\ThingsGateway.Plugin.OPCDA\ThingsGateway.Plugin.OPCDA.csproj", "{9DA9AED3-9572-4378-A2A6-4D792D67ADDC}"
EndProject
Project("{9A19103F-16F7-4668-BE54-9A1E7A4F7556}") = "ThingsGateway.Plugin.OPCUA", "plugin\ThingsGateway.Plugin.OPCUA\ThingsGateway.Plugin.OPCUA.csproj", "{FD4969DB-3CCE-4CCF-BAE4-1BE8A3F40812}"
EndProject
Global
	GlobalSection(SolutionConfigurationPlatforms) = preSolution
		Debug|Any CPU = Debug|Any CPU
		Release|Any CPU = Release|Any CPU
	EndGlobalSection
	GlobalSection(ProjectConfigurationPlatforms) = postSolution
		{2070116F-7A1B-47E2-A2F2-7BEC29ECE891}.Debug|Any CPU.ActiveCfg = Debug|Any CPU
		{2070116F-7A1B-47E2-A2F2-7BEC29ECE891}.Debug|Any CPU.Build.0 = Debug|Any CPU
		{2070116F-7A1B-47E2-A2F2-7BEC29ECE891}.Release|Any CPU.ActiveCfg = Release|Any CPU
		{2070116F-7A1B-47E2-A2F2-7BEC29ECE891}.Release|Any CPU.Build.0 = Release|Any CPU
		{92963877-0185-45A5-A0EB-CEC0D55FF9B0}.Debug|Any CPU.ActiveCfg = Debug|Any CPU
		{92963877-0185-45A5-A0EB-CEC0D55FF9B0}.Debug|Any CPU.Build.0 = Debug|Any CPU
		{92963877-0185-45A5-A0EB-CEC0D55FF9B0}.Release|Any CPU.ActiveCfg = Release|Any CPU
		{92963877-0185-45A5-A0EB-CEC0D55FF9B0}.Release|Any CPU.Build.0 = Release|Any CPU
		{24510CCE-0B60-4A03-9719-CF367C3528E9}.Debug|Any CPU.ActiveCfg = Debug|Any CPU
		{24510CCE-0B60-4A03-9719-CF367C3528E9}.Debug|Any CPU.Build.0 = Debug|Any CPU
		{24510CCE-0B60-4A03-9719-CF367C3528E9}.Release|Any CPU.ActiveCfg = Release|Any CPU
		{24510CCE-0B60-4A03-9719-CF367C3528E9}.Release|Any CPU.Build.0 = Release|Any CPU
		{566783A4-222B-46F5-AA12-0753997B3254}.Debug|Any CPU.ActiveCfg = Debug|Any CPU
		{566783A4-222B-46F5-AA12-0753997B3254}.Debug|Any CPU.Build.0 = Debug|Any CPU
		{566783A4-222B-46F5-AA12-0753997B3254}.Release|Any CPU.ActiveCfg = Release|Any CPU
		{566783A4-222B-46F5-AA12-0753997B3254}.Release|Any CPU.Build.0 = Release|Any CPU
		{BEFBC44A-E140-4E3E-AFBE-2DD8B98EB9BF}.Debug|Any CPU.ActiveCfg = Debug|Any CPU
		{BEFBC44A-E140-4E3E-AFBE-2DD8B98EB9BF}.Debug|Any CPU.Build.0 = Debug|Any CPU
		{BEFBC44A-E140-4E3E-AFBE-2DD8B98EB9BF}.Release|Any CPU.ActiveCfg = Release|Any CPU
		{BEFBC44A-E140-4E3E-AFBE-2DD8B98EB9BF}.Release|Any CPU.Build.0 = Release|Any CPU
		{9695B353-D773-40DD-B65E-7B10EB0C16EC}.Debug|Any CPU.ActiveCfg = Debug|Any CPU
		{9695B353-D773-40DD-B65E-7B10EB0C16EC}.Debug|Any CPU.Build.0 = Debug|Any CPU
		{9695B353-D773-40DD-B65E-7B10EB0C16EC}.Release|Any CPU.ActiveCfg = Release|Any CPU
		{9695B353-D773-40DD-B65E-7B10EB0C16EC}.Release|Any CPU.Build.0 = Release|Any CPU
		{2192217C-CF77-422E-9E63-DF4003ABF01A}.Debug|Any CPU.ActiveCfg = Debug|Any CPU
		{2192217C-CF77-422E-9E63-DF4003ABF01A}.Debug|Any CPU.Build.0 = Debug|Any CPU
		{2192217C-CF77-422E-9E63-DF4003ABF01A}.Release|Any CPU.ActiveCfg = Release|Any CPU
		{2192217C-CF77-422E-9E63-DF4003ABF01A}.Release|Any CPU.Build.0 = Release|Any CPU
		{DE376FAD-1E99-4CEE-96B2-08B1D1F3D1DB}.Debug|Any CPU.ActiveCfg = Debug|Any CPU
		{DE376FAD-1E99-4CEE-96B2-08B1D1F3D1DB}.Debug|Any CPU.Build.0 = Debug|Any CPU
		{DE376FAD-1E99-4CEE-96B2-08B1D1F3D1DB}.Release|Any CPU.ActiveCfg = Release|Any CPU
		{DE376FAD-1E99-4CEE-96B2-08B1D1F3D1DB}.Release|Any CPU.Build.0 = Release|Any CPU
		{ACAA3F0D-CE2B-49F4-883A-ED23ADD9E325}.Debug|Any CPU.ActiveCfg = Debug|Any CPU
		{ACAA3F0D-CE2B-49F4-883A-ED23ADD9E325}.Debug|Any CPU.Build.0 = Debug|Any CPU
		{ACAA3F0D-CE2B-49F4-883A-ED23ADD9E325}.Release|Any CPU.ActiveCfg = Release|Any CPU
		{ACAA3F0D-CE2B-49F4-883A-ED23ADD9E325}.Release|Any CPU.Build.0 = Release|Any CPU
		{0A891D8E-23B3-46AD-8D30-565EE5004F93}.Debug|Any CPU.ActiveCfg = Debug|Any CPU
		{0A891D8E-23B3-46AD-8D30-565EE5004F93}.Debug|Any CPU.Build.0 = Debug|Any CPU
		{0A891D8E-23B3-46AD-8D30-565EE5004F93}.Release|Any CPU.ActiveCfg = Release|Any CPU
		{0A891D8E-23B3-46AD-8D30-565EE5004F93}.Release|Any CPU.Build.0 = Release|Any CPU
		{A712EAEE-94F2-4F01-8C1C-2EC802280DD7}.Debug|Any CPU.ActiveCfg = Debug|Any CPU
		{A712EAEE-94F2-4F01-8C1C-2EC802280DD7}.Debug|Any CPU.Build.0 = Debug|Any CPU
		{A712EAEE-94F2-4F01-8C1C-2EC802280DD7}.Release|Any CPU.ActiveCfg = Release|Any CPU
		{A712EAEE-94F2-4F01-8C1C-2EC802280DD7}.Release|Any CPU.Build.0 = Release|Any CPU
		{5DA3D2BD-6768-4479-B52F-49E022EFF310}.Debug|Any CPU.ActiveCfg = Debug|Any CPU
		{5DA3D2BD-6768-4479-B52F-49E022EFF310}.Debug|Any CPU.Build.0 = Debug|Any CPU
		{5DA3D2BD-6768-4479-B52F-49E022EFF310}.Release|Any CPU.ActiveCfg = Release|Any CPU
		{5DA3D2BD-6768-4479-B52F-49E022EFF310}.Release|Any CPU.Build.0 = Release|Any CPU
		{8DD5DF98-7FDE-4B49-8661-AEB44D923CFE}.Debug|Any CPU.ActiveCfg = Debug|Any CPU
		{8DD5DF98-7FDE-4B49-8661-AEB44D923CFE}.Debug|Any CPU.Build.0 = Debug|Any CPU
		{8DD5DF98-7FDE-4B49-8661-AEB44D923CFE}.Release|Any CPU.ActiveCfg = Release|Any CPU
		{8DD5DF98-7FDE-4B49-8661-AEB44D923CFE}.Release|Any CPU.Build.0 = Release|Any CPU
		{D6685A42-2712-417A-92C5-5EFF90B9FA94}.Debug|Any CPU.ActiveCfg = Debug|Any CPU
		{D6685A42-2712-417A-92C5-5EFF90B9FA94}.Debug|Any CPU.Build.0 = Debug|Any CPU
		{D6685A42-2712-417A-92C5-5EFF90B9FA94}.Release|Any CPU.ActiveCfg = Release|Any CPU
		{D6685A42-2712-417A-92C5-5EFF90B9FA94}.Release|Any CPU.Build.0 = Release|Any CPU
		{0D17D801-6DAA-4FD1-9A99-F9F07FA6BA88}.Debug|Any CPU.ActiveCfg = Debug|Any CPU
		{0D17D801-6DAA-4FD1-9A99-F9F07FA6BA88}.Debug|Any CPU.Build.0 = Debug|Any CPU
		{0D17D801-6DAA-4FD1-9A99-F9F07FA6BA88}.Release|Any CPU.ActiveCfg = Release|Any CPU
		{0D17D801-6DAA-4FD1-9A99-F9F07FA6BA88}.Release|Any CPU.Build.0 = Release|Any CPU
		{1A4D0B95-9FC5-4687-94E2-B6F86B5427F2}.Debug|Any CPU.ActiveCfg = Debug|Any CPU
		{1A4D0B95-9FC5-4687-94E2-B6F86B5427F2}.Debug|Any CPU.Build.0 = Debug|Any CPU
		{1A4D0B95-9FC5-4687-94E2-B6F86B5427F2}.Release|Any CPU.ActiveCfg = Release|Any CPU
		{1A4D0B95-9FC5-4687-94E2-B6F86B5427F2}.Release|Any CPU.Build.0 = Release|Any CPU
		{69EA3D89-CB40-425A-8D70-5E4A33337BE5}.Debug|Any CPU.ActiveCfg = Debug|Any CPU
		{69EA3D89-CB40-425A-8D70-5E4A33337BE5}.Debug|Any CPU.Build.0 = Debug|Any CPU
		{69EA3D89-CB40-425A-8D70-5E4A33337BE5}.Release|Any CPU.ActiveCfg = Release|Any CPU
		{69EA3D89-CB40-425A-8D70-5E4A33337BE5}.Release|Any CPU.Build.0 = Release|Any CPU
		{90AB5C24-1AA3-4F58-9987-B307B92B5193}.Debug|Any CPU.ActiveCfg = Debug|Any CPU
		{90AB5C24-1AA3-4F58-9987-B307B92B5193}.Debug|Any CPU.Build.0 = Debug|Any CPU
		{90AB5C24-1AA3-4F58-9987-B307B92B5193}.Release|Any CPU.ActiveCfg = Release|Any CPU
		{90AB5C24-1AA3-4F58-9987-B307B92B5193}.Release|Any CPU.Build.0 = Release|Any CPU
		{4C7A5A90-8292-413B-8848-419D9DCDE66F}.Debug|Any CPU.ActiveCfg = Debug|Any CPU
		{4C7A5A90-8292-413B-8848-419D9DCDE66F}.Debug|Any CPU.Build.0 = Debug|Any CPU
		{4C7A5A90-8292-413B-8848-419D9DCDE66F}.Release|Any CPU.ActiveCfg = Release|Any CPU
		{4C7A5A90-8292-413B-8848-419D9DCDE66F}.Release|Any CPU.Build.0 = Release|Any CPU
		{D37EC028-EA46-4510-8261-6E780A906314}.Debug|Any CPU.ActiveCfg = Debug|Any CPU
		{D37EC028-EA46-4510-8261-6E780A906314}.Debug|Any CPU.Build.0 = Debug|Any CPU
		{D37EC028-EA46-4510-8261-6E780A906314}.Release|Any CPU.ActiveCfg = Release|Any CPU
		{D37EC028-EA46-4510-8261-6E780A906314}.Release|Any CPU.Build.0 = Release|Any CPU
		{C5F662EB-991F-438D-BF61-EF87E7371C04}.Debug|Any CPU.ActiveCfg = Debug|Any CPU
		{C5F662EB-991F-438D-BF61-EF87E7371C04}.Debug|Any CPU.Build.0 = Debug|Any CPU
		{C5F662EB-991F-438D-BF61-EF87E7371C04}.Release|Any CPU.ActiveCfg = Release|Any CPU
		{C5F662EB-991F-438D-BF61-EF87E7371C04}.Release|Any CPU.Build.0 = Release|Any CPU
		{ECF3A7A3-2363-4A38-BC78-8FF9A8564603}.Debug|Any CPU.ActiveCfg = Debug|Any CPU
		{ECF3A7A3-2363-4A38-BC78-8FF9A8564603}.Debug|Any CPU.Build.0 = Debug|Any CPU
		{ECF3A7A3-2363-4A38-BC78-8FF9A8564603}.Release|Any CPU.ActiveCfg = Release|Any CPU
		{ECF3A7A3-2363-4A38-BC78-8FF9A8564603}.Release|Any CPU.Build.0 = Release|Any CPU
		{53C870AE-0249-4485-AE63-F8A16EA4BCB4}.Debug|Any CPU.ActiveCfg = Debug|Any CPU
		{53C870AE-0249-4485-AE63-F8A16EA4BCB4}.Debug|Any CPU.Build.0 = Debug|Any CPU
		{53C870AE-0249-4485-AE63-F8A16EA4BCB4}.Release|Any CPU.ActiveCfg = Release|Any CPU
		{53C870AE-0249-4485-AE63-F8A16EA4BCB4}.Release|Any CPU.Build.0 = Release|Any CPU
		{E4B8B8E6-FAE7-43BA-9A51-33A3CD9FB825}.Debug|Any CPU.ActiveCfg = Debug|Any CPU
		{E4B8B8E6-FAE7-43BA-9A51-33A3CD9FB825}.Debug|Any CPU.Build.0 = Debug|Any CPU
		{E4B8B8E6-FAE7-43BA-9A51-33A3CD9FB825}.Release|Any CPU.ActiveCfg = Release|Any CPU
		{E4B8B8E6-FAE7-43BA-9A51-33A3CD9FB825}.Release|Any CPU.Build.0 = Release|Any CPU
		{C102AB3A-377E-4753-AFA7-C13250D7DF00}.Debug|Any CPU.ActiveCfg = Debug|Any CPU
		{C102AB3A-377E-4753-AFA7-C13250D7DF00}.Debug|Any CPU.Build.0 = Debug|Any CPU
		{C102AB3A-377E-4753-AFA7-C13250D7DF00}.Release|Any CPU.ActiveCfg = Release|Any CPU
		{C102AB3A-377E-4753-AFA7-C13250D7DF00}.Release|Any CPU.Build.0 = Release|Any CPU
		{0DE1D254-0BD2-4D98-B939-5440BE5EB552}.Debug|Any CPU.ActiveCfg = Debug|Any CPU
		{0DE1D254-0BD2-4D98-B939-5440BE5EB552}.Debug|Any CPU.Build.0 = Debug|Any CPU
		{0DE1D254-0BD2-4D98-B939-5440BE5EB552}.Release|Any CPU.ActiveCfg = Release|Any CPU
		{0DE1D254-0BD2-4D98-B939-5440BE5EB552}.Release|Any CPU.Build.0 = Release|Any CPU
		{C1911F84-6FDB-4DEC-8938-69B2E3901CC4}.Debug|Any CPU.ActiveCfg = Debug|Any CPU
		{C1911F84-6FDB-4DEC-8938-69B2E3901CC4}.Debug|Any CPU.Build.0 = Debug|Any CPU
		{C1911F84-6FDB-4DEC-8938-69B2E3901CC4}.Release|Any CPU.ActiveCfg = Release|Any CPU
		{C1911F84-6FDB-4DEC-8938-69B2E3901CC4}.Release|Any CPU.Build.0 = Release|Any CPU
		{A8E68E17-4EBF-4E4C-8272-B489329A68BF}.Debug|Any CPU.ActiveCfg = Debug|Any CPU
		{A8E68E17-4EBF-4E4C-8272-B489329A68BF}.Debug|Any CPU.Build.0 = Debug|Any CPU
		{A8E68E17-4EBF-4E4C-8272-B489329A68BF}.Release|Any CPU.ActiveCfg = Release|Any CPU
		{A8E68E17-4EBF-4E4C-8272-B489329A68BF}.Release|Any CPU.Build.0 = Release|Any CPU
		{5FAFD46E-6B98-4C75-B1EB-085AA18F15FD}.Debug|Any CPU.ActiveCfg = Debug|Any CPU
		{5FAFD46E-6B98-4C75-B1EB-085AA18F15FD}.Debug|Any CPU.Build.0 = Debug|Any CPU
		{5FAFD46E-6B98-4C75-B1EB-085AA18F15FD}.Release|Any CPU.ActiveCfg = Release|Any CPU
		{5FAFD46E-6B98-4C75-B1EB-085AA18F15FD}.Release|Any CPU.Build.0 = Release|Any CPU
		{AC4295F2-AB2F-4137-99EF-80FA5C83896B}.Debug|Any CPU.ActiveCfg = Debug|Any CPU
		{AC4295F2-AB2F-4137-99EF-80FA5C83896B}.Debug|Any CPU.Build.0 = Debug|Any CPU
		{AC4295F2-AB2F-4137-99EF-80FA5C83896B}.Release|Any CPU.ActiveCfg = Release|Any CPU
		{AC4295F2-AB2F-4137-99EF-80FA5C83896B}.Release|Any CPU.Build.0 = Release|Any CPU
		{9DA9AED3-9572-4378-A2A6-4D792D67ADDC}.Debug|Any CPU.ActiveCfg = Debug|Any CPU
		{9DA9AED3-9572-4378-A2A6-4D792D67ADDC}.Debug|Any CPU.Build.0 = Debug|Any CPU
		{9DA9AED3-9572-4378-A2A6-4D792D67ADDC}.Release|Any CPU.ActiveCfg = Release|Any CPU
		{9DA9AED3-9572-4378-A2A6-4D792D67ADDC}.Release|Any CPU.Build.0 = Release|Any CPU
		{FD4969DB-3CCE-4CCF-BAE4-1BE8A3F40812}.Debug|Any CPU.ActiveCfg = Debug|Any CPU
		{FD4969DB-3CCE-4CCF-BAE4-1BE8A3F40812}.Debug|Any CPU.Build.0 = Debug|Any CPU
		{FD4969DB-3CCE-4CCF-BAE4-1BE8A3F40812}.Release|Any CPU.ActiveCfg = Release|Any CPU
		{FD4969DB-3CCE-4CCF-BAE4-1BE8A3F40812}.Release|Any CPU.Build.0 = Release|Any CPU
	EndGlobalSection
	GlobalSection(SolutionProperties) = preSolution
		HideSolutionNode = FALSE
	EndGlobalSection
	GlobalSection(NestedProjects) = preSolution
		{2070116F-7A1B-47E2-A2F2-7BEC29ECE891} = {0874CBC5-C583-4FAD-BA93-94571D446898}
		{92963877-0185-45A5-A0EB-CEC0D55FF9B0} = {0874CBC5-C583-4FAD-BA93-94571D446898}
		{24510CCE-0B60-4A03-9719-CF367C3528E9} = {0874CBC5-C583-4FAD-BA93-94571D446898}
		{566783A4-222B-46F5-AA12-0753997B3254} = {0874CBC5-C583-4FAD-BA93-94571D446898}
		{BEFBC44A-E140-4E3E-AFBE-2DD8B98EB9BF} = {0874CBC5-C583-4FAD-BA93-94571D446898}
		{9695B353-D773-40DD-B65E-7B10EB0C16EC} = {0874CBC5-C583-4FAD-BA93-94571D446898}
		{2192217C-CF77-422E-9E63-DF4003ABF01A} = {358AE1E1-4DD6-4D1F-8935-1ACBB0111A01}
		{DE376FAD-1E99-4CEE-96B2-08B1D1F3D1DB} = {358AE1E1-4DD6-4D1F-8935-1ACBB0111A01}
		{ACAA3F0D-CE2B-49F4-883A-ED23ADD9E325} = {358AE1E1-4DD6-4D1F-8935-1ACBB0111A01}
		{0A891D8E-23B3-46AD-8D30-565EE5004F93} = {4E66C22C-0636-4949-BF6A-9E3BBE1550BA}
		{A712EAEE-94F2-4F01-8C1C-2EC802280DD7} = {4E66C22C-0636-4949-BF6A-9E3BBE1550BA}
		{5DA3D2BD-6768-4479-B52F-49E022EFF310} = {4E66C22C-0636-4949-BF6A-9E3BBE1550BA}
		{8DD5DF98-7FDE-4B49-8661-AEB44D923CFE} = {4E66C22C-0636-4949-BF6A-9E3BBE1550BA}
		{D6685A42-2712-417A-92C5-5EFF90B9FA94} = {4E66C22C-0636-4949-BF6A-9E3BBE1550BA}
		{0D17D801-6DAA-4FD1-9A99-F9F07FA6BA88} = {4E66C22C-0636-4949-BF6A-9E3BBE1550BA}
		{1A4D0B95-9FC5-4687-94E2-B6F86B5427F2} = {DFB97103-FC3A-4DC3-A327-DA8C65BDA607}
		{69EA3D89-CB40-425A-8D70-5E4A33337BE5} = {DFB97103-FC3A-4DC3-A327-DA8C65BDA607}
		{90AB5C24-1AA3-4F58-9987-B307B92B5193} = {DFB97103-FC3A-4DC3-A327-DA8C65BDA607}
		{4C7A5A90-8292-413B-8848-419D9DCDE66F} = {DFB97103-FC3A-4DC3-A327-DA8C65BDA607}
		{D37EC028-EA46-4510-8261-6E780A906314} = {F0C9A8CB-231B-45E0-B91B-4FEF7EF47197}
		{C5F662EB-991F-438D-BF61-EF87E7371C04} = {F0C9A8CB-231B-45E0-B91B-4FEF7EF47197}
		{ECF3A7A3-2363-4A38-BC78-8FF9A8564603} = {E65490B8-D2E2-4693-B39C-15703B1EBFBB}
		{53C870AE-0249-4485-AE63-F8A16EA4BCB4} = {E65490B8-D2E2-4693-B39C-15703B1EBFBB}
		{E4B8B8E6-FAE7-43BA-9A51-33A3CD9FB825} = {E65490B8-D2E2-4693-B39C-15703B1EBFBB}
		{C102AB3A-377E-4753-AFA7-C13250D7DF00} = {E65490B8-D2E2-4693-B39C-15703B1EBFBB}
		{0DE1D254-0BD2-4D98-B939-5440BE5EB552} = {E65490B8-D2E2-4693-B39C-15703B1EBFBB}
		{C1911F84-6FDB-4DEC-8938-69B2E3901CC4} = {E65490B8-D2E2-4693-B39C-15703B1EBFBB}
		{A8E68E17-4EBF-4E4C-8272-B489329A68BF} = {E65490B8-D2E2-4693-B39C-15703B1EBFBB}
		{5FAFD46E-6B98-4C75-B1EB-085AA18F15FD} = {E65490B8-D2E2-4693-B39C-15703B1EBFBB}
		{AC4295F2-AB2F-4137-99EF-80FA5C83896B} = {E65490B8-D2E2-4693-B39C-15703B1EBFBB}
		{9DA9AED3-9572-4378-A2A6-4D792D67ADDC} = {E65490B8-D2E2-4693-B39C-15703B1EBFBB}
		{FD4969DB-3CCE-4CCF-BAE4-1BE8A3F40812} = {E65490B8-D2E2-4693-B39C-15703B1EBFBB}
	EndGlobalSection
	GlobalSection(ExtensibilityGlobals) = postSolution
		SolutionGuid = {C49B2D3E-6818-4E28-91B7-6E4E7E264BBB}
	EndGlobalSection
EndGlobal
