
Microsoft Visual Studio Solution File, Format Version 12.00
# Visual Studio Version 17
VisualStudioVersion = 17.6.33927.249
MinimumVisualStudioVersion = 10.0.40219.1
Project("{9A19103F-16F7-4668-BE54-9A1E7A4F7556}") = "ThingsGateway.Foundation", "Foundation\ThingsGateway.Foundation\ThingsGateway.Foundation.csproj", "{2070116F-7A1B-47E2-A2F2-7BEC29ECE891}"
EndProject
Project("{2150E333-8FDC-42A3-9474-1A3956D46DE8}") = "Foundation", "Foundation", "{0874CBC5-C583-4FAD-BA93-94571D446898}"
	ProjectSection(SolutionItems) = preProject
		Foundation\Directory.Build.props = Foundation\Directory.Build.props
	EndProjectSection
EndProject
Project("{9A19103F-16F7-4668-BE54-9A1E7A4F7556}") = "ThingsGateway.Foundation.Adapter.DLT645", "Foundation\ThingsGateway.Foundation.Adapter.DLT645\ThingsGateway.Foundation.Adapter.DLT645.csproj", "{92963877-0185-45A5-A0EB-CEC0D55FF9B0}"
EndProject
Project("{9A19103F-16F7-4668-BE54-9A1E7A4F7556}") = "ThingsGateway.Foundation.Adapter.Modbus", "Foundation\ThingsGateway.Foundation.Adapter.Modbus\ThingsGateway.Foundation.Adapter.Modbus.csproj", "{24510CCE-0B60-4A03-9719-CF367C3528E9}"
EndProject
Project("{9A19103F-16F7-4668-BE54-9A1E7A4F7556}") = "ThingsGateway.Foundation.Adapter.OPCDA", "Foundation\ThingsGateway.Foundation.Adapter.OPCDA\ThingsGateway.Foundation.Adapter.OPCDA.csproj", "{566783A4-222B-46F5-AA12-0753997B3254}"
EndProject
Project("{9A19103F-16F7-4668-BE54-9A1E7A4F7556}") = "ThingsGateway.Foundation.Adapter.OPCUA", "Foundation\ThingsGateway.Foundation.Adapter.OPCUA\ThingsGateway.Foundation.Adapter.OPCUA.csproj", "{BEFBC44A-E140-4E3E-AFBE-2DD8B98EB9BF}"
EndProject
Project("{9A19103F-16F7-4668-BE54-9A1E7A4F7556}") = "ThingsGateway.Foundation.Adapter.Siemens", "Foundation\ThingsGateway.Foundation.Adapter.Siemens\ThingsGateway.Foundation.Adapter.Siemens.csproj", "{9695B353-D773-40DD-B65E-7B10EB0C16EC}"
EndProject
Project("{2150E333-8FDC-42A3-9474-1A3956D46DE8}") = "Demo", "Demo", "{95008B83-0324-4A7C-80DE-2BBDDD1A9099}"
	ProjectSection(SolutionItems) = preProject
		Demo\Directory.Build.props = Demo\Directory.Build.props
	EndProjectSection
EndProject
Project("{2150E333-8FDC-42A3-9474-1A3956D46DE8}") = "Web", "Web", "{9EB46BB6-D4EA-4B06-95EE-6C971E653030}"
	ProjectSection(SolutionItems) = preProject
		Web\Directory.Build.props = Web\Directory.Build.props
	EndProjectSection
EndProject
Project("{2150E333-8FDC-42A3-9474-1A3956D46DE8}") = "script", "script", "{4A64518E-C072-4607-BBF7-7D392CEC9D58}"
	ProjectSection(SolutionItems) = preProject
		..\.gitignore = ..\.gitignore
		..\README.md = ..\README.md
	EndProjectSection
EndProject
Project("{9A19103F-16F7-4668-BE54-9A1E7A4F7556}") = "ThingsGateway.Components", "Web\ThingsGateway.Components\ThingsGateway.Components.csproj", "{799C49A4-8E23-475A-A82D-080854718BEE}"
EndProject
Project("{9A19103F-16F7-4668-BE54-9A1E7A4F7556}") = "ThingsGateway.Admin.Core", "Web\ThingsGateway.Admin.Core\ThingsGateway.Admin.Core.csproj", "{616CA361-B667-42C8-B4DC-097C7CD39830}"
EndProject
Project("{9A19103F-16F7-4668-BE54-9A1E7A4F7556}") = "ThingsGateway.Admin.Application", "Web\ThingsGateway.Admin.Application\ThingsGateway.Admin.Application.csproj", "{16C62A28-BACE-4391-91F8-C2D78D063A1E}"
EndProject
Project("{9A19103F-16F7-4668-BE54-9A1E7A4F7556}") = "ThingsGateway.Admin.ApiController", "Web\ThingsGateway.Admin.ApiController\ThingsGateway.Admin.ApiController.csproj", "{8FA03089-322F-44CB-8E4B-F2637388E944}"
EndProject
Project("{9A19103F-16F7-4668-BE54-9A1E7A4F7556}") = "ThingsGateway.Admin.Blazor", "Web\ThingsGateway.Admin.Blazor\ThingsGateway.Admin.Blazor.csproj", "{14FF7150-6DB7-455B-AD00-6AB4DE37855B}"
EndProject
Project("{9A19103F-16F7-4668-BE54-9A1E7A4F7556}") = "ThingsGateway.Web.Entry", "Web\ThingsGateway.Web.Entry\ThingsGateway.Web.Entry.csproj", "{2861AA39-AAAE-47ED-9ACC-4C165DDF3EF1}"
EndProject
Project("{9A19103F-16F7-4668-BE54-9A1E7A4F7556}") = "ThingsGateway.Web.Core", "Web\ThingsGateway.Web.Core\ThingsGateway.Web.Core.csproj", "{9FF2A8A6-48D0-4D8A-9EAD-1905174291CC}"
EndProject
Project("{9A19103F-16F7-4668-BE54-9A1E7A4F7556}") = "ThingsGateway.Core", "Web\ThingsGateway.Core\ThingsGateway.Core.csproj", "{51313113-7BB8-494E-9C24-6787BECE39BB}"
EndProject
Project("{9A19103F-16F7-4668-BE54-9A1E7A4F7556}") = "ThingsGateway.Gateway.ApiController", "Web\ThingsGateway.Gateway.ApiController\ThingsGateway.Gateway.ApiController.csproj", "{5D7BE567-2345-46C8-9F54-DDC1DA96D198}"
EndProject
Project("{9A19103F-16F7-4668-BE54-9A1E7A4F7556}") = "ThingsGateway.Gateway.Application", "Web\ThingsGateway.Gateway.Application\ThingsGateway.Gateway.Application.csproj", "{5CF1B3EC-84E2-484A-8DFC-2ECD2EE18E2F}"
EndProject
Project("{9A19103F-16F7-4668-BE54-9A1E7A4F7556}") = "ThingsGateway.Gateway.Blazor", "Web\ThingsGateway.Gateway.Blazor\ThingsGateway.Gateway.Blazor.csproj", "{CD0F211A-F65B-4026-9750-68AC3C70D012}"
EndProject
Project("{9A19103F-16F7-4668-BE54-9A1E7A4F7556}") = "ThingsGateway.Gateway.Core", "Web\ThingsGateway.Gateway.Core\ThingsGateway.Gateway.Core.csproj", "{5CD79F91-7182-4A9D-9BEF-4DF410C782D2}"
EndProject
Project("{2150E333-8FDC-42A3-9474-1A3956D46DE8}") = "Plugin", "Plugin", "{CC8D0880-B73E-4DFC-9052-86504728708E}"
	ProjectSection(SolutionItems) = preProject
		Plugin\Directory.Build.props = Plugin\Directory.Build.props
	EndProjectSection
EndProject
Project("{9A19103F-16F7-4668-BE54-9A1E7A4F7556}") = "ThingsGateway.Plugin.Modbus", "Plugin\ThingsGateway.Plugin.Modbus\ThingsGateway.Plugin.Modbus.csproj", "{2057E5BE-FACA-4D44-A2BA-E1F864A8DAFF}"
EndProject
Project("{9A19103F-16F7-4668-BE54-9A1E7A4F7556}") = "ThingsGateway.Plugin.DLT645", "Plugin\ThingsGateway.Plugin.DLT645\ThingsGateway.Plugin.DLT645.csproj", "{A723D4D7-B796-4D97-BA68-95E5696C9559}"
EndProject
Project("{9A19103F-16F7-4668-BE54-9A1E7A4F7556}") = "ThingsGateway.Plugin.Kafka", "Plugin\ThingsGateway.Plugin.Kafka\ThingsGateway.Plugin.Kafka.csproj", "{D9944D52-81B4-4DBC-8C3B-2A334CCBD4F6}"
EndProject
Project("{9A19103F-16F7-4668-BE54-9A1E7A4F7556}") = "ThingsGateway.Plugin.Mqtt", "Plugin\ThingsGateway.Plugin.Mqtt\ThingsGateway.Plugin.Mqtt.csproj", "{C5C89B2F-D9C9-4A67-A9BE-4E5F0B42162F}"
EndProject
Project("{9A19103F-16F7-4668-BE54-9A1E7A4F7556}") = "ThingsGateway.Plugin.OPCDA", "Plugin\ThingsGateway.Plugin.OPCDA\ThingsGateway.Plugin.OPCDA.csproj", "{7562C85D-267D-4718-8857-422B625C5BD0}"
EndProject
Project("{9A19103F-16F7-4668-BE54-9A1E7A4F7556}") = "ThingsGateway.Plugin.OPCUA", "Plugin\ThingsGateway.Plugin.OPCUA\ThingsGateway.Plugin.OPCUA.csproj", "{A0E1EAC7-10DD-4520-973F-CC385BBFBD84}"
EndProject
Project("{9A19103F-16F7-4668-BE54-9A1E7A4F7556}") = "ThingsGateway.Plugin.RabbitMQ", "Plugin\ThingsGateway.Plugin.RabbitMQ\ThingsGateway.Plugin.RabbitMQ.csproj", "{503529C4-842A-47F0-928B-C8DC5B0A367D}"
EndProject
Project("{9A19103F-16F7-4668-BE54-9A1E7A4F7556}") = "ThingsGateway.Plugin.Siemens", "Plugin\ThingsGateway.Plugin.Siemens\ThingsGateway.Plugin.Siemens.csproj", "{8A9F6586-3320-4F03-B3DA-09BF39AA90A0}"
EndProject
Project("{2150E333-8FDC-42A3-9474-1A3956D46DE8}") = "Solution Items", "Solution Items", "{E8D2CBBA-9BCC-44E0-B192-BA0214010203}"
	ProjectSection(SolutionItems) = preProject
		.editorconfig = .editorconfig
	EndProjectSection
EndProject
Project("{2150E333-8FDC-42A3-9474-1A3956D46DE8}") = "UpgradeManger", "UpgradeManger", "{237C7BC5-7B07-40B5-AF42-CE2F8E0893C3}"
	ProjectSection(SolutionItems) = preProject
		UpgradeManger\Directory.Build.props = UpgradeManger\Directory.Build.props
	EndProjectSection
EndProject
Project("{9A19103F-16F7-4668-BE54-9A1E7A4F7556}") = "ThingsGateway.UpgradeManger", "UpgradeManger\ThingsGateway.UpgradeManger\ThingsGateway.UpgradeManger.csproj", "{84362F1D-E788-4646-B555-5A3629B55EFC}"
EndProject
Project("{9A19103F-16F7-4668-BE54-9A1E7A4F7556}") = "ThingsGateway.Upgrade", "UpgradeManger\ThingsGateway.Upgrade\ThingsGateway.Upgrade.csproj", "{681F774F-7B0B-450A-917C-1385E1847CA6}"
EndProject
Project("{9A19103F-16F7-4668-BE54-9A1E7A4F7556}") = "ThingsGateway.Foundation.Demo.Rcl", "Demo\ThingsGateway.Foundation.Demo.Rcl\ThingsGateway.Foundation.Demo.Rcl.csproj", "{637A662B-7B70-4CE8-8F5F-0A095B9D77EC}"
EndProject
Project("{9A19103F-16F7-4668-BE54-9A1E7A4F7556}") = "ThingsGateway.Foundation.Demo.Photino", "Demo\ThingsGateway.Foundation.Demo.Photino\ThingsGateway.Foundation.Demo.Photino.csproj", "{C5519C51-0A0C-4317-A43D-FFBB6B344ACB}"
EndProject
Project("{9A19103F-16F7-4668-BE54-9A1E7A4F7556}") = "ThingsGateway.Plugin.SQLDB", "Plugin\ThingsGateway.Plugin.SQLDB\ThingsGateway.Plugin.SQLDB.csproj", "{7EBD5500-0DA0-415A-831D-5DC350917501}"
EndProject
Project("{9A19103F-16F7-4668-BE54-9A1E7A4F7556}") = "ThingsGateway.Plugin.QuestDB", "Plugin\ThingsGateway.Plugin.QuestDB\ThingsGateway.Plugin.QuestDB.csproj", "{A99787D7-A93B-4357-A8B5-B5F1FD2930AB}"
EndProject
Project("{9A19103F-16F7-4668-BE54-9A1E7A4F7556}") = "ThingsGateway.Plugin.TDengineDB", "Plugin\ThingsGateway.Plugin.TDengineDB\ThingsGateway.Plugin.TDengineDB.csproj", "{2C827B2C-75DF-413B-9AB2-2D1B438AC082}"
EndProject
Global
	GlobalSection(SolutionConfigurationPlatforms) = preSolution
		Debug|Any CPU = Debug|Any CPU
		Release|Any CPU = Release|Any CPU
	EndGlobalSection
	GlobalSection(ProjectConfigurationPlatforms) = postSolution
		{2070116F-7A1B-47E2-A2F2-7BEC29ECE891}.Debug|Any CPU.ActiveCfg = Debug|Any CPU
		{2070116F-7A1B-47E2-A2F2-7BEC29ECE891}.Debug|Any CPU.Build.0 = Debug|Any CPU
		{2070116F-7A1B-47E2-A2F2-7BEC29ECE891}.Release|Any CPU.ActiveCfg = Release|Any CPU
		{2070116F-7A1B-47E2-A2F2-7BEC29ECE891}.Release|Any CPU.Build.0 = Release|Any CPU
		{92963877-0185-45A5-A0EB-CEC0D55FF9B0}.Debug|Any CPU.ActiveCfg = Debug|Any CPU
		{92963877-0185-45A5-A0EB-CEC0D55FF9B0}.Debug|Any CPU.Build.0 = Debug|Any CPU
		{92963877-0185-45A5-A0EB-CEC0D55FF9B0}.Release|Any CPU.ActiveCfg = Release|Any CPU
		{92963877-0185-45A5-A0EB-CEC0D55FF9B0}.Release|Any CPU.Build.0 = Release|Any CPU
		{24510CCE-0B60-4A03-9719-CF367C3528E9}.Debug|Any CPU.ActiveCfg = Debug|Any CPU
		{24510CCE-0B60-4A03-9719-CF367C3528E9}.Debug|Any CPU.Build.0 = Debug|Any CPU
		{24510CCE-0B60-4A03-9719-CF367C3528E9}.Release|Any CPU.ActiveCfg = Release|Any CPU
		{24510CCE-0B60-4A03-9719-CF367C3528E9}.Release|Any CPU.Build.0 = Release|Any CPU
		{566783A4-222B-46F5-AA12-0753997B3254}.Debug|Any CPU.ActiveCfg = Debug|Any CPU
		{566783A4-222B-46F5-AA12-0753997B3254}.Debug|Any CPU.Build.0 = Debug|Any CPU
		{566783A4-222B-46F5-AA12-0753997B3254}.Release|Any CPU.ActiveCfg = Release|Any CPU
		{566783A4-222B-46F5-AA12-0753997B3254}.Release|Any CPU.Build.0 = Release|Any CPU
		{BEFBC44A-E140-4E3E-AFBE-2DD8B98EB9BF}.Debug|Any CPU.ActiveCfg = Debug|Any CPU
		{BEFBC44A-E140-4E3E-AFBE-2DD8B98EB9BF}.Debug|Any CPU.Build.0 = Debug|Any CPU
		{BEFBC44A-E140-4E3E-AFBE-2DD8B98EB9BF}.Release|Any CPU.ActiveCfg = Release|Any CPU
		{BEFBC44A-E140-4E3E-AFBE-2DD8B98EB9BF}.Release|Any CPU.Build.0 = Release|Any CPU
		{9695B353-D773-40DD-B65E-7B10EB0C16EC}.Debug|Any CPU.ActiveCfg = Debug|Any CPU
		{9695B353-D773-40DD-B65E-7B10EB0C16EC}.Debug|Any CPU.Build.0 = Debug|Any CPU
		{9695B353-D773-40DD-B65E-7B10EB0C16EC}.Release|Any CPU.ActiveCfg = Release|Any CPU
		{9695B353-D773-40DD-B65E-7B10EB0C16EC}.Release|Any CPU.Build.0 = Release|Any CPU
		{799C49A4-8E23-475A-A82D-080854718BEE}.Debug|Any CPU.ActiveCfg = Debug|Any CPU
		{799C49A4-8E23-475A-A82D-080854718BEE}.Debug|Any CPU.Build.0 = Debug|Any CPU
		{799C49A4-8E23-475A-A82D-080854718BEE}.Release|Any CPU.ActiveCfg = Release|Any CPU
		{799C49A4-8E23-475A-A82D-080854718BEE}.Release|Any CPU.Build.0 = Release|Any CPU
		{616CA361-B667-42C8-B4DC-097C7CD39830}.Debug|Any CPU.ActiveCfg = Debug|Any CPU
		{616CA361-B667-42C8-B4DC-097C7CD39830}.Debug|Any CPU.Build.0 = Debug|Any CPU
		{616CA361-B667-42C8-B4DC-097C7CD39830}.Release|Any CPU.ActiveCfg = Release|Any CPU
		{616CA361-B667-42C8-B4DC-097C7CD39830}.Release|Any CPU.Build.0 = Release|Any CPU
		{16C62A28-BACE-4391-91F8-C2D78D063A1E}.Debug|Any CPU.ActiveCfg = Debug|Any CPU
		{16C62A28-BACE-4391-91F8-C2D78D063A1E}.Debug|Any CPU.Build.0 = Debug|Any CPU
		{16C62A28-BACE-4391-91F8-C2D78D063A1E}.Release|Any CPU.ActiveCfg = Release|Any CPU
		{16C62A28-BACE-4391-91F8-C2D78D063A1E}.Release|Any CPU.Build.0 = Release|Any CPU
		{8FA03089-322F-44CB-8E4B-F2637388E944}.Debug|Any CPU.ActiveCfg = Debug|Any CPU
		{8FA03089-322F-44CB-8E4B-F2637388E944}.Debug|Any CPU.Build.0 = Debug|Any CPU
		{8FA03089-322F-44CB-8E4B-F2637388E944}.Release|Any CPU.ActiveCfg = Release|Any CPU
		{8FA03089-322F-44CB-8E4B-F2637388E944}.Release|Any CPU.Build.0 = Release|Any CPU
		{14FF7150-6DB7-455B-AD00-6AB4DE37855B}.Debug|Any CPU.ActiveCfg = Debug|Any CPU
		{14FF7150-6DB7-455B-AD00-6AB4DE37855B}.Debug|Any CPU.Build.0 = Debug|Any CPU
		{14FF7150-6DB7-455B-AD00-6AB4DE37855B}.Release|Any CPU.ActiveCfg = Release|Any CPU
		{14FF7150-6DB7-455B-AD00-6AB4DE37855B}.Release|Any CPU.Build.0 = Release|Any CPU
		{2861AA39-AAAE-47ED-9ACC-4C165DDF3EF1}.Debug|Any CPU.ActiveCfg = Debug|Any CPU
		{2861AA39-AAAE-47ED-9ACC-4C165DDF3EF1}.Debug|Any CPU.Build.0 = Debug|Any CPU
		{2861AA39-AAAE-47ED-9ACC-4C165DDF3EF1}.Release|Any CPU.ActiveCfg = Release|Any CPU
		{2861AA39-AAAE-47ED-9ACC-4C165DDF3EF1}.Release|Any CPU.Build.0 = Release|Any CPU
		{9FF2A8A6-48D0-4D8A-9EAD-1905174291CC}.Debug|Any CPU.ActiveCfg = Debug|Any CPU
		{9FF2A8A6-48D0-4D8A-9EAD-1905174291CC}.Debug|Any CPU.Build.0 = Debug|Any CPU
		{9FF2A8A6-48D0-4D8A-9EAD-1905174291CC}.Release|Any CPU.ActiveCfg = Release|Any CPU
		{9FF2A8A6-48D0-4D8A-9EAD-1905174291CC}.Release|Any CPU.Build.0 = Release|Any CPU
		{51313113-7BB8-494E-9C24-6787BECE39BB}.Debug|Any CPU.ActiveCfg = Debug|Any CPU
		{51313113-7BB8-494E-9C24-6787BECE39BB}.Debug|Any CPU.Build.0 = Debug|Any CPU
		{51313113-7BB8-494E-9C24-6787BECE39BB}.Release|Any CPU.ActiveCfg = Release|Any CPU
		{51313113-7BB8-494E-9C24-6787BECE39BB}.Release|Any CPU.Build.0 = Release|Any CPU
		{5D7BE567-2345-46C8-9F54-DDC1DA96D198}.Debug|Any CPU.ActiveCfg = Debug|Any CPU
		{5D7BE567-2345-46C8-9F54-DDC1DA96D198}.Debug|Any CPU.Build.0 = Debug|Any CPU
		{5D7BE567-2345-46C8-9F54-DDC1DA96D198}.Release|Any CPU.ActiveCfg = Release|Any CPU
		{5D7BE567-2345-46C8-9F54-DDC1DA96D198}.Release|Any CPU.Build.0 = Release|Any CPU
		{5CF1B3EC-84E2-484A-8DFC-2ECD2EE18E2F}.Debug|Any CPU.ActiveCfg = Debug|Any CPU
		{5CF1B3EC-84E2-484A-8DFC-2ECD2EE18E2F}.Debug|Any CPU.Build.0 = Debug|Any CPU
		{5CF1B3EC-84E2-484A-8DFC-2ECD2EE18E2F}.Release|Any CPU.ActiveCfg = Release|Any CPU
		{5CF1B3EC-84E2-484A-8DFC-2ECD2EE18E2F}.Release|Any CPU.Build.0 = Release|Any CPU
		{CD0F211A-F65B-4026-9750-68AC3C70D012}.Debug|Any CPU.ActiveCfg = Debug|Any CPU
		{CD0F211A-F65B-4026-9750-68AC3C70D012}.Debug|Any CPU.Build.0 = Debug|Any CPU
		{CD0F211A-F65B-4026-9750-68AC3C70D012}.Release|Any CPU.ActiveCfg = Release|Any CPU
		{CD0F211A-F65B-4026-9750-68AC3C70D012}.Release|Any CPU.Build.0 = Release|Any CPU
		{5CD79F91-7182-4A9D-9BEF-4DF410C782D2}.Debug|Any CPU.ActiveCfg = Debug|Any CPU
		{5CD79F91-7182-4A9D-9BEF-4DF410C782D2}.Debug|Any CPU.Build.0 = Debug|Any CPU
		{5CD79F91-7182-4A9D-9BEF-4DF410C782D2}.Release|Any CPU.ActiveCfg = Release|Any CPU
		{5CD79F91-7182-4A9D-9BEF-4DF410C782D2}.Release|Any CPU.Build.0 = Release|Any CPU
		{2057E5BE-FACA-4D44-A2BA-E1F864A8DAFF}.Debug|Any CPU.ActiveCfg = Debug|Any CPU
		{2057E5BE-FACA-4D44-A2BA-E1F864A8DAFF}.Debug|Any CPU.Build.0 = Debug|Any CPU
		{2057E5BE-FACA-4D44-A2BA-E1F864A8DAFF}.Release|Any CPU.ActiveCfg = Release|Any CPU
		{2057E5BE-FACA-4D44-A2BA-E1F864A8DAFF}.Release|Any CPU.Build.0 = Release|Any CPU
		{A723D4D7-B796-4D97-BA68-95E5696C9559}.Debug|Any CPU.ActiveCfg = Debug|Any CPU
		{A723D4D7-B796-4D97-BA68-95E5696C9559}.Debug|Any CPU.Build.0 = Debug|Any CPU
		{A723D4D7-B796-4D97-BA68-95E5696C9559}.Release|Any CPU.ActiveCfg = Release|Any CPU
		{A723D4D7-B796-4D97-BA68-95E5696C9559}.Release|Any CPU.Build.0 = Release|Any CPU
		{D9944D52-81B4-4DBC-8C3B-2A334CCBD4F6}.Debug|Any CPU.ActiveCfg = Debug|Any CPU
		{D9944D52-81B4-4DBC-8C3B-2A334CCBD4F6}.Debug|Any CPU.Build.0 = Debug|Any CPU
		{D9944D52-81B4-4DBC-8C3B-2A334CCBD4F6}.Release|Any CPU.ActiveCfg = Release|Any CPU
		{D9944D52-81B4-4DBC-8C3B-2A334CCBD4F6}.Release|Any CPU.Build.0 = Release|Any CPU
		{C5C89B2F-D9C9-4A67-A9BE-4E5F0B42162F}.Debug|Any CPU.ActiveCfg = Debug|Any CPU
		{C5C89B2F-D9C9-4A67-A9BE-4E5F0B42162F}.Debug|Any CPU.Build.0 = Debug|Any CPU
		{C5C89B2F-D9C9-4A67-A9BE-4E5F0B42162F}.Release|Any CPU.ActiveCfg = Release|Any CPU
		{C5C89B2F-D9C9-4A67-A9BE-4E5F0B42162F}.Release|Any CPU.Build.0 = Release|Any CPU
		{7562C85D-267D-4718-8857-422B625C5BD0}.Debug|Any CPU.ActiveCfg = Debug|Any CPU
		{7562C85D-267D-4718-8857-422B625C5BD0}.Debug|Any CPU.Build.0 = Debug|Any CPU
		{7562C85D-267D-4718-8857-422B625C5BD0}.Release|Any CPU.ActiveCfg = Release|Any CPU
		{7562C85D-267D-4718-8857-422B625C5BD0}.Release|Any CPU.Build.0 = Release|Any CPU
		{A0E1EAC7-10DD-4520-973F-CC385BBFBD84}.Debug|Any CPU.ActiveCfg = Debug|Any CPU
		{A0E1EAC7-10DD-4520-973F-CC385BBFBD84}.Debug|Any CPU.Build.0 = Debug|Any CPU
		{A0E1EAC7-10DD-4520-973F-CC385BBFBD84}.Release|Any CPU.ActiveCfg = Release|Any CPU
		{A0E1EAC7-10DD-4520-973F-CC385BBFBD84}.Release|Any CPU.Build.0 = Release|Any CPU
		{503529C4-842A-47F0-928B-C8DC5B0A367D}.Debug|Any CPU.ActiveCfg = Debug|Any CPU
		{503529C4-842A-47F0-928B-C8DC5B0A367D}.Debug|Any CPU.Build.0 = Debug|Any CPU
		{503529C4-842A-47F0-928B-C8DC5B0A367D}.Release|Any CPU.ActiveCfg = Release|Any CPU
		{503529C4-842A-47F0-928B-C8DC5B0A367D}.Release|Any CPU.Build.0 = Release|Any CPU
		{8A9F6586-3320-4F03-B3DA-09BF39AA90A0}.Debug|Any CPU.ActiveCfg = Debug|Any CPU
		{8A9F6586-3320-4F03-B3DA-09BF39AA90A0}.Debug|Any CPU.Build.0 = Debug|Any CPU
		{8A9F6586-3320-4F03-B3DA-09BF39AA90A0}.Release|Any CPU.ActiveCfg = Release|Any CPU
		{8A9F6586-3320-4F03-B3DA-09BF39AA90A0}.Release|Any CPU.Build.0 = Release|Any CPU
		{84362F1D-E788-4646-B555-5A3629B55EFC}.Debug|Any CPU.ActiveCfg = Debug|Any CPU
		{84362F1D-E788-4646-B555-5A3629B55EFC}.Debug|Any CPU.Build.0 = Debug|Any CPU
		{84362F1D-E788-4646-B555-5A3629B55EFC}.Release|Any CPU.ActiveCfg = Release|Any CPU
		{84362F1D-E788-4646-B555-5A3629B55EFC}.Release|Any CPU.Build.0 = Release|Any CPU
		{681F774F-7B0B-450A-917C-1385E1847CA6}.Debug|Any CPU.ActiveCfg = Debug|Any CPU
		{681F774F-7B0B-450A-917C-1385E1847CA6}.Debug|Any CPU.Build.0 = Debug|Any CPU
		{681F774F-7B0B-450A-917C-1385E1847CA6}.Release|Any CPU.ActiveCfg = Release|Any CPU
		{681F774F-7B0B-450A-917C-1385E1847CA6}.Release|Any CPU.Build.0 = Release|Any CPU
		{637A662B-7B70-4CE8-8F5F-0A095B9D77EC}.Debug|Any CPU.ActiveCfg = Debug|Any CPU
		{637A662B-7B70-4CE8-8F5F-0A095B9D77EC}.Debug|Any CPU.Build.0 = Debug|Any CPU
		{637A662B-7B70-4CE8-8F5F-0A095B9D77EC}.Release|Any CPU.ActiveCfg = Release|Any CPU
		{637A662B-7B70-4CE8-8F5F-0A095B9D77EC}.Release|Any CPU.Build.0 = Release|Any CPU
		{C5519C51-0A0C-4317-A43D-FFBB6B344ACB}.Debug|Any CPU.ActiveCfg = Debug|Any CPU
		{C5519C51-0A0C-4317-A43D-FFBB6B344ACB}.Debug|Any CPU.Build.0 = Debug|Any CPU
		{C5519C51-0A0C-4317-A43D-FFBB6B344ACB}.Release|Any CPU.ActiveCfg = Release|Any CPU
		{C5519C51-0A0C-4317-A43D-FFBB6B344ACB}.Release|Any CPU.Build.0 = Release|Any CPU
		{7EBD5500-0DA0-415A-831D-5DC350917501}.Debug|Any CPU.ActiveCfg = Debug|Any CPU
		{7EBD5500-0DA0-415A-831D-5DC350917501}.Debug|Any CPU.Build.0 = Debug|Any CPU
		{7EBD5500-0DA0-415A-831D-5DC350917501}.Release|Any CPU.ActiveCfg = Release|Any CPU
		{7EBD5500-0DA0-415A-831D-5DC350917501}.Release|Any CPU.Build.0 = Release|Any CPU
		{A99787D7-A93B-4357-A8B5-B5F1FD2930AB}.Debug|Any CPU.ActiveCfg = Debug|Any CPU
		{A99787D7-A93B-4357-A8B5-B5F1FD2930AB}.Debug|Any CPU.Build.0 = Debug|Any CPU
		{A99787D7-A93B-4357-A8B5-B5F1FD2930AB}.Release|Any CPU.ActiveCfg = Release|Any CPU
		{A99787D7-A93B-4357-A8B5-B5F1FD2930AB}.Release|Any CPU.Build.0 = Release|Any CPU
		{2C827B2C-75DF-413B-9AB2-2D1B438AC082}.Debug|Any CPU.ActiveCfg = Debug|Any CPU
		{2C827B2C-75DF-413B-9AB2-2D1B438AC082}.Debug|Any CPU.Build.0 = Debug|Any CPU
		{2C827B2C-75DF-413B-9AB2-2D1B438AC082}.Release|Any CPU.ActiveCfg = Release|Any CPU
		{2C827B2C-75DF-413B-9AB2-2D1B438AC082}.Release|Any CPU.Build.0 = Release|Any CPU
	EndGlobalSection
	GlobalSection(SolutionProperties) = preSolution
		HideSolutionNode = FALSE
	EndGlobalSection
	GlobalSection(NestedProjects) = preSolution
		{2070116F-7A1B-47E2-A2F2-7BEC29ECE891} = {0874CBC5-C583-4FAD-BA93-94571D446898}
		{92963877-0185-45A5-A0EB-CEC0D55FF9B0} = {0874CBC5-C583-4FAD-BA93-94571D446898}
		{24510CCE-0B60-4A03-9719-CF367C3528E9} = {0874CBC5-C583-4FAD-BA93-94571D446898}
		{566783A4-222B-46F5-AA12-0753997B3254} = {0874CBC5-C583-4FAD-BA93-94571D446898}
		{BEFBC44A-E140-4E3E-AFBE-2DD8B98EB9BF} = {0874CBC5-C583-4FAD-BA93-94571D446898}
		{9695B353-D773-40DD-B65E-7B10EB0C16EC} = {0874CBC5-C583-4FAD-BA93-94571D446898}
		{799C49A4-8E23-475A-A82D-080854718BEE} = {9EB46BB6-D4EA-4B06-95EE-6C971E653030}
		{616CA361-B667-42C8-B4DC-097C7CD39830} = {9EB46BB6-D4EA-4B06-95EE-6C971E653030}
		{16C62A28-BACE-4391-91F8-C2D78D063A1E} = {9EB46BB6-D4EA-4B06-95EE-6C971E653030}
		{8FA03089-322F-44CB-8E4B-F2637388E944} = {9EB46BB6-D4EA-4B06-95EE-6C971E653030}
		{14FF7150-6DB7-455B-AD00-6AB4DE37855B} = {9EB46BB6-D4EA-4B06-95EE-6C971E653030}
		{2861AA39-AAAE-47ED-9ACC-4C165DDF3EF1} = {9EB46BB6-D4EA-4B06-95EE-6C971E653030}
		{9FF2A8A6-48D0-4D8A-9EAD-1905174291CC} = {9EB46BB6-D4EA-4B06-95EE-6C971E653030}
		{51313113-7BB8-494E-9C24-6787BECE39BB} = {9EB46BB6-D4EA-4B06-95EE-6C971E653030}
		{5D7BE567-2345-46C8-9F54-DDC1DA96D198} = {9EB46BB6-D4EA-4B06-95EE-6C971E653030}
		{5CF1B3EC-84E2-484A-8DFC-2ECD2EE18E2F} = {9EB46BB6-D4EA-4B06-95EE-6C971E653030}
		{CD0F211A-F65B-4026-9750-68AC3C70D012} = {9EB46BB6-D4EA-4B06-95EE-6C971E653030}
		{5CD79F91-7182-4A9D-9BEF-4DF410C782D2} = {9EB46BB6-D4EA-4B06-95EE-6C971E653030}
		{2057E5BE-FACA-4D44-A2BA-E1F864A8DAFF} = {CC8D0880-B73E-4DFC-9052-86504728708E}
		{A723D4D7-B796-4D97-BA68-95E5696C9559} = {CC8D0880-B73E-4DFC-9052-86504728708E}
		{D9944D52-81B4-4DBC-8C3B-2A334CCBD4F6} = {CC8D0880-B73E-4DFC-9052-86504728708E}
		{C5C89B2F-D9C9-4A67-A9BE-4E5F0B42162F} = {CC8D0880-B73E-4DFC-9052-86504728708E}
		{7562C85D-267D-4718-8857-422B625C5BD0} = {CC8D0880-B73E-4DFC-9052-86504728708E}
		{A0E1EAC7-10DD-4520-973F-CC385BBFBD84} = {CC8D0880-B73E-4DFC-9052-86504728708E}
		{503529C4-842A-47F0-928B-C8DC5B0A367D} = {CC8D0880-B73E-4DFC-9052-86504728708E}
		{8A9F6586-3320-4F03-B3DA-09BF39AA90A0} = {CC8D0880-B73E-4DFC-9052-86504728708E}
		{84362F1D-E788-4646-B555-5A3629B55EFC} = {237C7BC5-7B07-40B5-AF42-CE2F8E0893C3}
		{681F774F-7B0B-450A-917C-1385E1847CA6} = {237C7BC5-7B07-40B5-AF42-CE2F8E0893C3}
		{637A662B-7B70-4CE8-8F5F-0A095B9D77EC} = {95008B83-0324-4A7C-80DE-2BBDDD1A9099}
		{C5519C51-0A0C-4317-A43D-FFBB6B344ACB} = {95008B83-0324-4A7C-80DE-2BBDDD1A9099}
		{7EBD5500-0DA0-415A-831D-5DC350917501} = {CC8D0880-B73E-4DFC-9052-86504728708E}
		{A99787D7-A93B-4357-A8B5-B5F1FD2930AB} = {CC8D0880-B73E-4DFC-9052-86504728708E}
		{2C827B2C-75DF-413B-9AB2-2D1B438AC082} = {CC8D0880-B73E-4DFC-9052-86504728708E}
	EndGlobalSection
	GlobalSection(ExtensibilityGlobals) = postSolution
		SolutionGuid = {C49B2D3E-6818-4E28-91B7-6E4E7E264BBB}
	EndGlobalSection
EndGlobal
