
Microsoft Visual Studio Solution File, Format Version 12.00
# Visual Studio Version 17
VisualStudioVersion = 17.5.33414.496
MinimumVisualStudioVersion = 10.0.40219.1
Project("{2150E333-8FDC-42A3-9474-1A3956D46DE8}") = "Plugins", "Plugins", "{D1DFBF11-65DE-49C8-9AE9-BFDFB66E129A}"
EndProject
Project("{2150E333-8FDC-42A3-9474-1A3956D46DE8}") = "Mudbus", "Mudbus", "{489FE14F-07E5-4331-A1EB-B55B18502F64}"
EndProject
Project("{2150E333-8FDC-42A3-9474-1A3956D46DE8}") = "Test", "Test", "{A30BBC07-07BB-4C40-9BB5-95265F00374C}"
EndProject
Project("{9A19103F-16F7-4668-BE54-9A1E7A4F7556}") = "ThingsGateway.Foundation.Adapter.Modbus", "Plugins\ThingsGateway.Foundation.Adapter.Modbus\ThingsGateway.Foundation.Adapter.Modbus.csproj", "{65CF6486-E577-4802-8DF5-4C43755FCB00}"
EndProject
Project("{9A19103F-16F7-4668-BE54-9A1E7A4F7556}") = "ThingsGateway.Foundation", "ThingsGateway.Foundation\ThingsGateway.Foundation.csproj", "{32FD5B1D-52EF-4036-8179-BCA88F1594ED}"
EndProject
Project("{9A19103F-16F7-4668-BE54-9A1E7A4F7556}") = "ThingsGateway.Web.Rcl", "ThingsGateway.Web.Rcl\ThingsGateway.Web.Rcl.csproj", "{E2F6F9A3-C32E-49AE-A39B-0071A7AAADD2}"
EndProject
Project("{9A19103F-16F7-4668-BE54-9A1E7A4F7556}") = "ThingsGateway.Web.Rcl.Core", "ThingsGateway.Web.Rcl.Core\ThingsGateway.Web.Rcl.Core.csproj", "{E93BF23C-3454-4601-950A-87283ABF1197}"
EndProject
Project("{9A19103F-16F7-4668-BE54-9A1E7A4F7556}") = "ThingsGateway.Web.Core", "ThingsGateway.Web.Core\ThingsGateway.Web.Core.csproj", "{452B00D1-9FFB-467F-B8A7-C8E87E6C0C12}"
EndProject
Project("{9A19103F-16F7-4668-BE54-9A1E7A4F7556}") = "ThingsGateway.Core", "ThingsGateway.Core\ThingsGateway.Core.csproj", "{21A66F0E-B26E-409B-AB60-2A1AD6C8D131}"
EndProject
Project("{9A19103F-16F7-4668-BE54-9A1E7A4F7556}") = "ThingsGateway.Application", "ThingsGateway.Application\ThingsGateway.Application.csproj", "{43008BA7-162E-4230-AA59-C4C5F8F4A97C}"
EndProject
Project("{9A19103F-16F7-4668-BE54-9A1E7A4F7556}") = "ThingsGateway.Web.Server", "ThingsGateway.Web.Server\ThingsGateway.Web.Server.csproj", "{5FEA231A-5D22-428D-A0FA-814DBC3091C1}"
EndProject
Project("{9A19103F-16F7-4668-BE54-9A1E7A4F7556}") = "ThingsGateway.Web.Foundation", "ThingsGateway.Web.Foundation\ThingsGateway.Web.Foundation.csproj", "{C6421545-5DF4-4B24-985B-B04481239AB7}"
EndProject
Project("{9A19103F-16F7-4668-BE54-9A1E7A4F7556}") = "ThingsGateway.Web.Page", "ThingsGateway.Web.Page\ThingsGateway.Web.Page.csproj", "{D2CD34BF-27AA-4C83-B14B-2A25FDF9EC47}"
EndProject
Project("{9A19103F-16F7-4668-BE54-9A1E7A4F7556}") = "ThingsGateway.Modbus", "Plugins\ThingsGateway.Modbus\ThingsGateway.Modbus.csproj", "{4CCD8C74-1CDB-4691-B068-1A7A85DE9886}"
EndProject
Project("{9A19103F-16F7-4668-BE54-9A1E7A4F7556}") = "ThingsGateway.Foundation.Tests", "Plugins\ThingsGateway.Foundation.Tests\ThingsGateway.Foundation.Tests.csproj", "{5DA7BD8E-32D3-4CE0-AA79-719FCF8B76D5}"
EndProject
Project("{2150E333-8FDC-42A3-9474-1A3956D46DE8}") = "Mqtt", "Mqtt", "{57F62684-6D9C-445C-A008-09CA87192CE6}"
EndProject
Project("{9A19103F-16F7-4668-BE54-9A1E7A4F7556}") = "ThingsGateway.Mqtt", "Plugins\ThingsGateway.Mqtt\ThingsGateway.Mqtt.csproj", "{D00B0C9B-293C-4CB7-BAF4-92772C87E907}"
EndProject
Project("{2150E333-8FDC-42A3-9474-1A3956D46DE8}") = "Git", "Git", "{3B3C256C-A072-42DB-AD2D-CC36E087A1A2}"
	ProjectSection(SolutionItems) = preProject
		..\.gitattributes = ..\.gitattributes
		..\.gitignore = ..\.gitignore
		..\LICENSE.txt = ..\LICENSE.txt
		..\README.md = ..\README.md
		关系图.dgml = 关系图.dgml
	EndProjectSection
EndProject
Project("{2150E333-8FDC-42A3-9474-1A3956D46DE8}") = "OPCDA", "OPCDA", "{FCEDB40F-6FA3-4DD0-927B-B023EDBD01C1}"
EndProject
Project("{9A19103F-16F7-4668-BE54-9A1E7A4F7556}") = "ThingsGateway.Foundation.Adapter.OPCDA", "Plugins\ThingsGateway.Foundation.Adapter.OPCDA\ThingsGateway.Foundation.Adapter.OPCDA.csproj", "{DAE920A3-D399-4142-8D59-18884C0A8CC4}"
EndProject
Project("{9A19103F-16F7-4668-BE54-9A1E7A4F7556}") = "ThingsGateway.OPCDA", "Plugins\ThingsGateway.OPCDA\ThingsGateway.OPCDA.csproj", "{E1EB9DF9-B801-4B5C-8FBC-AE23AA2516CE}"
EndProject
Project("{2150E333-8FDC-42A3-9474-1A3956D46DE8}") = "OPCUA", "OPCUA", "{D64E48AD-2937-4227-8270-63AEF3008374}"
EndProject
Project("{9A19103F-16F7-4668-BE54-9A1E7A4F7556}") = "ThingsGateway.OPCUA", "Plugins\ThingsGateway.OPCUA\ThingsGateway.OPCUA.csproj", "{635B0FA6-CB7F-495A-A002-983979477916}"
EndProject
Project("{9A19103F-16F7-4668-BE54-9A1E7A4F7556}") = "ThingsGateway.Foundation.Adapter.OPCUA", "Plugins\ThingsGateway.Foundation.Adapter.OPCUA\ThingsGateway.Foundation.Adapter.OPCUA.csproj", "{4141C657-56B0-40D9-BA52-9F53A6D9E338}"
EndProject
Project("{2150E333-8FDC-42A3-9474-1A3956D46DE8}") = "EventSource", "EventSource", "{968A381B-E354-4089-984D-7B32DF2A470D}"
EndProject
Project("{9A19103F-16F7-4668-BE54-9A1E7A4F7556}") = "ThingsGateway.RabbitMQ", "Plugins\ThingsGateway.RabbitMQ\ThingsGateway.RabbitMQ.csproj", "{7D38A1C3-56FA-41CE-B541-9FF1B5A632F7}"
EndProject
Project("{9A19103F-16F7-4668-BE54-9A1E7A4F7556}") = "ThingsGateway.Foundation.Adapter.Siemens", "Plugins\ThingsGateway.Foundation.Adapter.Siemens\ThingsGateway.Foundation.Adapter.Siemens.csproj", "{A0C38DE3-56FD-4ECC-9599-372A4716A4C8}"
EndProject
Project("{9A19103F-16F7-4668-BE54-9A1E7A4F7556}") = "ThingsGateway.Siemens", "Plugins\ThingsGateway.Siemens\ThingsGateway.Siemens.csproj", "{12D7E735-8DA0-47FB-849F-84C965E4C746}"
EndProject
Project("{2150E333-8FDC-42A3-9474-1A3956D46DE8}") = "Siemens", "Siemens", "{98BB0E39-0629-4619-A01B-4BEB0F8DE879}"
EndProject
Project("{2150E333-8FDC-42A3-9474-1A3956D46DE8}") = "Gateway", "Gateway", "{514F1269-0A49-4356-8AC2-002E859A8A58}"
EndProject
Project("{2150E333-8FDC-42A3-9474-1A3956D46DE8}") = "Admin", "Admin", "{362CEEB5-5498-42B3-AEFF-FDC6D815B53C}"
EndProject
Global
	GlobalSection(SolutionConfigurationPlatforms) = preSolution
		Debug|Any CPU = Debug|Any CPU
		Release|Any CPU = Release|Any CPU
	EndGlobalSection
	GlobalSection(ProjectConfigurationPlatforms) = postSolution
		{65CF6486-E577-4802-8DF5-4C43755FCB00}.Debug|Any CPU.ActiveCfg = Debug|Any CPU
		{65CF6486-E577-4802-8DF5-4C43755FCB00}.Debug|Any CPU.Build.0 = Debug|Any CPU
		{65CF6486-E577-4802-8DF5-4C43755FCB00}.Release|Any CPU.ActiveCfg = Release|Any CPU
		{65CF6486-E577-4802-8DF5-4C43755FCB00}.Release|Any CPU.Build.0 = Release|Any CPU
		{32FD5B1D-52EF-4036-8179-BCA88F1594ED}.Debug|Any CPU.ActiveCfg = Debug|Any CPU
		{32FD5B1D-52EF-4036-8179-BCA88F1594ED}.Debug|Any CPU.Build.0 = Debug|Any CPU
		{32FD5B1D-52EF-4036-8179-BCA88F1594ED}.Release|Any CPU.ActiveCfg = Release|Any CPU
		{32FD5B1D-52EF-4036-8179-BCA88F1594ED}.Release|Any CPU.Build.0 = Release|Any CPU
		{E2F6F9A3-C32E-49AE-A39B-0071A7AAADD2}.Debug|Any CPU.ActiveCfg = Debug|Any CPU
		{E2F6F9A3-C32E-49AE-A39B-0071A7AAADD2}.Debug|Any CPU.Build.0 = Debug|Any CPU
		{E2F6F9A3-C32E-49AE-A39B-0071A7AAADD2}.Release|Any CPU.ActiveCfg = Release|Any CPU
		{E2F6F9A3-C32E-49AE-A39B-0071A7AAADD2}.Release|Any CPU.Build.0 = Release|Any CPU
		{E93BF23C-3454-4601-950A-87283ABF1197}.Debug|Any CPU.ActiveCfg = Debug|Any CPU
		{E93BF23C-3454-4601-950A-87283ABF1197}.Debug|Any CPU.Build.0 = Debug|Any CPU
		{E93BF23C-3454-4601-950A-87283ABF1197}.Release|Any CPU.ActiveCfg = Release|Any CPU
		{E93BF23C-3454-4601-950A-87283ABF1197}.Release|Any CPU.Build.0 = Release|Any CPU
		{452B00D1-9FFB-467F-B8A7-C8E87E6C0C12}.Debug|Any CPU.ActiveCfg = Debug|Any CPU
		{452B00D1-9FFB-467F-B8A7-C8E87E6C0C12}.Debug|Any CPU.Build.0 = Debug|Any CPU
		{452B00D1-9FFB-467F-B8A7-C8E87E6C0C12}.Release|Any CPU.ActiveCfg = Release|Any CPU
		{452B00D1-9FFB-467F-B8A7-C8E87E6C0C12}.Release|Any CPU.Build.0 = Release|Any CPU
		{21A66F0E-B26E-409B-AB60-2A1AD6C8D131}.Debug|Any CPU.ActiveCfg = Debug|Any CPU
		{21A66F0E-B26E-409B-AB60-2A1AD6C8D131}.Debug|Any CPU.Build.0 = Debug|Any CPU
		{21A66F0E-B26E-409B-AB60-2A1AD6C8D131}.Release|Any CPU.ActiveCfg = Release|Any CPU
		{21A66F0E-B26E-409B-AB60-2A1AD6C8D131}.Release|Any CPU.Build.0 = Release|Any CPU
		{43008BA7-162E-4230-AA59-C4C5F8F4A97C}.Debug|Any CPU.ActiveCfg = Debug|Any CPU
		{43008BA7-162E-4230-AA59-C4C5F8F4A97C}.Debug|Any CPU.Build.0 = Debug|Any CPU
		{43008BA7-162E-4230-AA59-C4C5F8F4A97C}.Release|Any CPU.ActiveCfg = Release|Any CPU
		{43008BA7-162E-4230-AA59-C4C5F8F4A97C}.Release|Any CPU.Build.0 = Release|Any CPU
		{5FEA231A-5D22-428D-A0FA-814DBC3091C1}.Debug|Any CPU.ActiveCfg = Debug|Any CPU
		{5FEA231A-5D22-428D-A0FA-814DBC3091C1}.Debug|Any CPU.Build.0 = Debug|Any CPU
		{5FEA231A-5D22-428D-A0FA-814DBC3091C1}.Release|Any CPU.ActiveCfg = Release|Any CPU
		{5FEA231A-5D22-428D-A0FA-814DBC3091C1}.Release|Any CPU.Build.0 = Release|Any CPU
		{C6421545-5DF4-4B24-985B-B04481239AB7}.Debug|Any CPU.ActiveCfg = Debug|Any CPU
		{C6421545-5DF4-4B24-985B-B04481239AB7}.Debug|Any CPU.Build.0 = Debug|Any CPU
		{C6421545-5DF4-4B24-985B-B04481239AB7}.Release|Any CPU.ActiveCfg = Release|Any CPU
		{C6421545-5DF4-4B24-985B-B04481239AB7}.Release|Any CPU.Build.0 = Release|Any CPU
		{D2CD34BF-27AA-4C83-B14B-2A25FDF9EC47}.Debug|Any CPU.ActiveCfg = Debug|Any CPU
		{D2CD34BF-27AA-4C83-B14B-2A25FDF9EC47}.Debug|Any CPU.Build.0 = Debug|Any CPU
		{D2CD34BF-27AA-4C83-B14B-2A25FDF9EC47}.Release|Any CPU.ActiveCfg = Release|Any CPU
		{D2CD34BF-27AA-4C83-B14B-2A25FDF9EC47}.Release|Any CPU.Build.0 = Release|Any CPU
		{4CCD8C74-1CDB-4691-B068-1A7A85DE9886}.Debug|Any CPU.ActiveCfg = Debug|Any CPU
		{4CCD8C74-1CDB-4691-B068-1A7A85DE9886}.Debug|Any CPU.Build.0 = Debug|Any CPU
		{4CCD8C74-1CDB-4691-B068-1A7A85DE9886}.Release|Any CPU.ActiveCfg = Release|Any CPU
		{4CCD8C74-1CDB-4691-B068-1A7A85DE9886}.Release|Any CPU.Build.0 = Release|Any CPU
		{5DA7BD8E-32D3-4CE0-AA79-719FCF8B76D5}.Debug|Any CPU.ActiveCfg = Debug|Any CPU
		{5DA7BD8E-32D3-4CE0-AA79-719FCF8B76D5}.Debug|Any CPU.Build.0 = Debug|Any CPU
		{5DA7BD8E-32D3-4CE0-AA79-719FCF8B76D5}.Release|Any CPU.ActiveCfg = Release|Any CPU
		{5DA7BD8E-32D3-4CE0-AA79-719FCF8B76D5}.Release|Any CPU.Build.0 = Release|Any CPU
		{D00B0C9B-293C-4CB7-BAF4-92772C87E907}.Debug|Any CPU.ActiveCfg = Debug|Any CPU
		{D00B0C9B-293C-4CB7-BAF4-92772C87E907}.Debug|Any CPU.Build.0 = Debug|Any CPU
		{D00B0C9B-293C-4CB7-BAF4-92772C87E907}.Release|Any CPU.ActiveCfg = Release|Any CPU
		{D00B0C9B-293C-4CB7-BAF4-92772C87E907}.Release|Any CPU.Build.0 = Release|Any CPU
		{DAE920A3-D399-4142-8D59-18884C0A8CC4}.Debug|Any CPU.ActiveCfg = Debug|Any CPU
		{DAE920A3-D399-4142-8D59-18884C0A8CC4}.Debug|Any CPU.Build.0 = Debug|Any CPU
		{DAE920A3-D399-4142-8D59-18884C0A8CC4}.Release|Any CPU.ActiveCfg = Release|Any CPU
		{DAE920A3-D399-4142-8D59-18884C0A8CC4}.Release|Any CPU.Build.0 = Release|Any CPU
		{E1EB9DF9-B801-4B5C-8FBC-AE23AA2516CE}.Debug|Any CPU.ActiveCfg = Debug|Any CPU
		{E1EB9DF9-B801-4B5C-8FBC-AE23AA2516CE}.Debug|Any CPU.Build.0 = Debug|Any CPU
		{E1EB9DF9-B801-4B5C-8FBC-AE23AA2516CE}.Release|Any CPU.ActiveCfg = Release|Any CPU
		{E1EB9DF9-B801-4B5C-8FBC-AE23AA2516CE}.Release|Any CPU.Build.0 = Release|Any CPU
		{635B0FA6-CB7F-495A-A002-983979477916}.Debug|Any CPU.ActiveCfg = Debug|Any CPU
		{635B0FA6-CB7F-495A-A002-983979477916}.Debug|Any CPU.Build.0 = Debug|Any CPU
		{635B0FA6-CB7F-495A-A002-983979477916}.Release|Any CPU.ActiveCfg = Release|Any CPU
		{635B0FA6-CB7F-495A-A002-983979477916}.Release|Any CPU.Build.0 = Release|Any CPU
		{4141C657-56B0-40D9-BA52-9F53A6D9E338}.Debug|Any CPU.ActiveCfg = Debug|Any CPU
		{4141C657-56B0-40D9-BA52-9F53A6D9E338}.Debug|Any CPU.Build.0 = Debug|Any CPU
		{4141C657-56B0-40D9-BA52-9F53A6D9E338}.Release|Any CPU.ActiveCfg = Release|Any CPU
		{4141C657-56B0-40D9-BA52-9F53A6D9E338}.Release|Any CPU.Build.0 = Release|Any CPU
		{7D38A1C3-56FA-41CE-B541-9FF1B5A632F7}.Debug|Any CPU.ActiveCfg = Debug|Any CPU
		{7D38A1C3-56FA-41CE-B541-9FF1B5A632F7}.Debug|Any CPU.Build.0 = Debug|Any CPU
		{7D38A1C3-56FA-41CE-B541-9FF1B5A632F7}.Release|Any CPU.ActiveCfg = Release|Any CPU
		{7D38A1C3-56FA-41CE-B541-9FF1B5A632F7}.Release|Any CPU.Build.0 = Release|Any CPU
		{A0C38DE3-56FD-4ECC-9599-372A4716A4C8}.Debug|Any CPU.ActiveCfg = Debug|Any CPU
		{A0C38DE3-56FD-4ECC-9599-372A4716A4C8}.Debug|Any CPU.Build.0 = Debug|Any CPU
		{A0C38DE3-56FD-4ECC-9599-372A4716A4C8}.Release|Any CPU.ActiveCfg = Release|Any CPU
		{A0C38DE3-56FD-4ECC-9599-372A4716A4C8}.Release|Any CPU.Build.0 = Release|Any CPU
		{12D7E735-8DA0-47FB-849F-84C965E4C746}.Debug|Any CPU.ActiveCfg = Debug|Any CPU
		{12D7E735-8DA0-47FB-849F-84C965E4C746}.Debug|Any CPU.Build.0 = Debug|Any CPU
		{12D7E735-8DA0-47FB-849F-84C965E4C746}.Release|Any CPU.ActiveCfg = Release|Any CPU
		{12D7E735-8DA0-47FB-849F-84C965E4C746}.Release|Any CPU.Build.0 = Release|Any CPU
	EndGlobalSection
	GlobalSection(SolutionProperties) = preSolution
		HideSolutionNode = FALSE
	EndGlobalSection
	GlobalSection(NestedProjects) = preSolution
		{D1DFBF11-65DE-49C8-9AE9-BFDFB66E129A} = {514F1269-0A49-4356-8AC2-002E859A8A58}
		{489FE14F-07E5-4331-A1EB-B55B18502F64} = {D1DFBF11-65DE-49C8-9AE9-BFDFB66E129A}
		{A30BBC07-07BB-4C40-9BB5-95265F00374C} = {D1DFBF11-65DE-49C8-9AE9-BFDFB66E129A}
		{65CF6486-E577-4802-8DF5-4C43755FCB00} = {489FE14F-07E5-4331-A1EB-B55B18502F64}
		{32FD5B1D-52EF-4036-8179-BCA88F1594ED} = {514F1269-0A49-4356-8AC2-002E859A8A58}
		{E2F6F9A3-C32E-49AE-A39B-0071A7AAADD2} = {362CEEB5-5498-42B3-AEFF-FDC6D815B53C}
		{E93BF23C-3454-4601-950A-87283ABF1197} = {362CEEB5-5498-42B3-AEFF-FDC6D815B53C}
		{21A66F0E-B26E-409B-AB60-2A1AD6C8D131} = {362CEEB5-5498-42B3-AEFF-FDC6D815B53C}
		{43008BA7-162E-4230-AA59-C4C5F8F4A97C} = {362CEEB5-5498-42B3-AEFF-FDC6D815B53C}
		{C6421545-5DF4-4B24-985B-B04481239AB7} = {514F1269-0A49-4356-8AC2-002E859A8A58}
		{D2CD34BF-27AA-4C83-B14B-2A25FDF9EC47} = {514F1269-0A49-4356-8AC2-002E859A8A58}
		{4CCD8C74-1CDB-4691-B068-1A7A85DE9886} = {489FE14F-07E5-4331-A1EB-B55B18502F64}
		{5DA7BD8E-32D3-4CE0-AA79-719FCF8B76D5} = {A30BBC07-07BB-4C40-9BB5-95265F00374C}
		{57F62684-6D9C-445C-A008-09CA87192CE6} = {D1DFBF11-65DE-49C8-9AE9-BFDFB66E129A}
		{D00B0C9B-293C-4CB7-BAF4-92772C87E907} = {57F62684-6D9C-445C-A008-09CA87192CE6}
		{FCEDB40F-6FA3-4DD0-927B-B023EDBD01C1} = {D1DFBF11-65DE-49C8-9AE9-BFDFB66E129A}
		{DAE920A3-D399-4142-8D59-18884C0A8CC4} = {FCEDB40F-6FA3-4DD0-927B-B023EDBD01C1}
		{E1EB9DF9-B801-4B5C-8FBC-AE23AA2516CE} = {FCEDB40F-6FA3-4DD0-927B-B023EDBD01C1}
		{D64E48AD-2937-4227-8270-63AEF3008374} = {D1DFBF11-65DE-49C8-9AE9-BFDFB66E129A}
		{635B0FA6-CB7F-495A-A002-983979477916} = {D64E48AD-2937-4227-8270-63AEF3008374}
		{4141C657-56B0-40D9-BA52-9F53A6D9E338} = {D64E48AD-2937-4227-8270-63AEF3008374}
		{968A381B-E354-4089-984D-7B32DF2A470D} = {D1DFBF11-65DE-49C8-9AE9-BFDFB66E129A}
		{7D38A1C3-56FA-41CE-B541-9FF1B5A632F7} = {968A381B-E354-4089-984D-7B32DF2A470D}
		{A0C38DE3-56FD-4ECC-9599-372A4716A4C8} = {98BB0E39-0629-4619-A01B-4BEB0F8DE879}
		{12D7E735-8DA0-47FB-849F-84C965E4C746} = {98BB0E39-0629-4619-A01B-4BEB0F8DE879}
		{98BB0E39-0629-4619-A01B-4BEB0F8DE879} = {D1DFBF11-65DE-49C8-9AE9-BFDFB66E129A}
	EndGlobalSection
	GlobalSection(ExtensibilityGlobals) = postSolution
		SolutionGuid = {6D71BDEA-922E-451E-9593-AB83845CFF92}
	EndGlobalSection
EndGlobal
