Microsoft Visual Studio Solution File, Format Version 12.00
# 17
VisualStudioVersion = 17.9.34622.214
MinimumVisualStudioVersion = 10.0.40219.1
Project("{9A19103F-16F7-4668-BE54-9A1E7A4F7556}") = "ThingsGateway.Server", "ThingsGateway.Server\ThingsGateway.Server.csproj", "{22875EFB-DADF-4612-A572-33BCC092F644}"
EndProject
Project("{9A19103F-16F7-4668-BE54-9A1E7A4F7556}") = "ThingsGateway.Photino", "ThingsGateway.Photino\ThingsGateway.Photino.csproj", "{50F42EDF-1E38-4A08-92EA-C06B794BA061}"
EndProject
Project("{9A19103F-16F7-4668-BE54-9A1E7A4F7556}") = "ThingsGateway.Winform", "ThingsGateway.Winform\ThingsGateway.Winform.csproj", "{F7FFA750-A80B-493D-8F7A-1B9078CE5618}"
EndProject
Project("{2150E333-8FDC-42A3-9474-1A3956D46DE8}") = "DebugTool", "DebugTool", "{0D76CE00-967B-4C08-AA47-6C50A6B2DDCC}"
EndProject
Project("{9A19103F-16F7-4668-BE54-9A1E7A4F7556}") = "ThingsGateway.Debug.Photino", "DebugTool\ThingsGateway.Debug.Photino\ThingsGateway.Debug.Photino.csproj", "{01B09604-C7CB-4E00-97CE-C8CC8F2EEAC4}"
EndProject
Project("{9A19103F-16F7-4668-BE54-9A1E7A4F7556}") = "ThingsGateway.Debug.Winform", "DebugTool\ThingsGateway.Debug.Winform\ThingsGateway.Debug.Winform.csproj", "{F7A5913C-246A-4C9F-9BCD-0B60CE27B958}"
EndProject
Project("{2150E333-8FDC-42A3-9474-1A3956D46DE8}") = "other", "other", "{0B748352-5D27-4F14-8A20-364034C72867}"
	ProjectSection(SolutionItems) = preProject
		Directory.Build.props = Directory.Build.props
		FoundationVersion.props = FoundationVersion.props
		Version.props = Version.props
	EndProjectSection
EndProject
Project("{2150E333-8FDC-42A3-9474-1A3956D46DE8}") = "Gateway", "Gateway", "{5948EA23-4B42-4C22-A266-2E0AE5FA575F}"
EndProject
Project("{2150E333-8FDC-42A3-9474-1A3956D46DE8}") = "Foundation", "Foundation", "{2AC600BB-4325-4E0A-93A7-B1F53C8E2CA7}"
EndProject
Project("{9A19103F-16F7-4668-BE54-9A1E7A4F7556}") = "ThingsGateway.CSScript", "Foundation\ThingsGateway.CSScript\ThingsGateway.CSScript.csproj", "{506232CE-0FB6-4ACB-96DE-C8C8D075A642}"
EndProject
Project("{9A19103F-16F7-4668-BE54-9A1E7A4F7556}") = "ThingsGateway.Foundation", "Foundation\ThingsGateway.Foundation\ThingsGateway.Foundation.csproj", "{9D49F8E2-A82C-4E36-8F54-4F45BF3E47C0}"
EndProject
Project("{9A19103F-16F7-4668-BE54-9A1E7A4F7556}") = "ThingsGateway.Foundation.Razor", "Foundation\ThingsGateway.Foundation.Razor\ThingsGateway.Foundation.Razor.csproj", "{70665B3C-5E43-4A2B-B032-30986A16DE67}"
EndProject
Project("{9A19103F-16F7-4668-BE54-9A1E7A4F7556}") = "ThingsGateway.Foundation.SourceGenerator", "Foundation\ThingsGateway.Foundation.SourceGenerator\ThingsGateway.Foundation.SourceGenerator.csproj", "{E325A64C-2B72-4DD0-8A6C-229B29FB95EB}"
EndProject
Project("{9A19103F-16F7-4668-BE54-9A1E7A4F7556}") = "ThingsGateway.Foundation.Variable", "Foundation\ThingsGateway.Foundation.Variable\ThingsGateway.Foundation.Variable.csproj", "{8EE037EC-ED21-42A0-BE1F-219E9886E43A}"
EndProject
Project("{9A19103F-16F7-4668-BE54-9A1E7A4F7556}") = "ThingsGateway.Gateway.Application", "Gateway\ThingsGateway.Gateway.Application\ThingsGateway.Gateway.Application.csproj", "{A1163B55-31D8-4F58-872F-1DD5E0F14490}"
EndProject
Project("{9A19103F-16F7-4668-BE54-9A1E7A4F7556}") = "ThingsGateway.Gateway.Razor", "Gateway\ThingsGateway.Gateway.Razor\ThingsGateway.Gateway.Razor.csproj", "{6B92AF2D-0997-4887-B1C5-31861F298238}"
EndProject
Global
	GlobalSection(SolutionConfigurationPlatforms) = preSolution
		Debug|Any CPU = Debug|Any CPU
		Release|Any CPU = Release|Any CPU
	EndGlobalSection
	GlobalSection(ProjectConfigurationPlatforms) = postSolution
		{22875EFB-DADF-4612-A572-33BCC092F644}.Debug|Any CPU.ActiveCfg = Debug|Any CPU
		{22875EFB-DADF-4612-A572-33BCC092F644}.Debug|Any CPU.Build.0 = Debug|Any CPU
		{22875EFB-DADF-4612-A572-33BCC092F644}.Release|Any CPU.ActiveCfg = Release|Any CPU
		{22875EFB-DADF-4612-A572-33BCC092F644}.Release|Any CPU.Build.0 = Release|Any CPU
		{50F42EDF-1E38-4A08-92EA-C06B794BA061}.Debug|Any CPU.ActiveCfg = Debug|Any CPU
		{50F42EDF-1E38-4A08-92EA-C06B794BA061}.Debug|Any CPU.Build.0 = Debug|Any CPU
		{50F42EDF-1E38-4A08-92EA-C06B794BA061}.Release|Any CPU.ActiveCfg = Release|Any CPU
		{50F42EDF-1E38-4A08-92EA-C06B794BA061}.Release|Any CPU.Build.0 = Release|Any CPU
		{F7FFA750-A80B-493D-8F7A-1B9078CE5618}.Debug|Any CPU.ActiveCfg = Debug|Any CPU
		{F7FFA750-A80B-493D-8F7A-1B9078CE5618}.Debug|Any CPU.Build.0 = Debug|Any CPU
		{F7FFA750-A80B-493D-8F7A-1B9078CE5618}.Release|Any CPU.ActiveCfg = Release|Any CPU
		{F7FFA750-A80B-493D-8F7A-1B9078CE5618}.Release|Any CPU.Build.0 = Release|Any CPU
		{01B09604-C7CB-4E00-97CE-C8CC8F2EEAC4}.Debug|Any CPU.ActiveCfg = Debug|Any CPU
		{01B09604-C7CB-4E00-97CE-C8CC8F2EEAC4}.Debug|Any CPU.Build.0 = Debug|Any CPU
		{01B09604-C7CB-4E00-97CE-C8CC8F2EEAC4}.Release|Any CPU.ActiveCfg = Release|Any CPU
		{01B09604-C7CB-4E00-97CE-C8CC8F2EEAC4}.Release|Any CPU.Build.0 = Release|Any CPU
		{F7A5913C-246A-4C9F-9BCD-0B60CE27B958}.Debug|Any CPU.ActiveCfg = Debug|Any CPU
		{F7A5913C-246A-4C9F-9BCD-0B60CE27B958}.Debug|Any CPU.Build.0 = Debug|Any CPU
		{F7A5913C-246A-4C9F-9BCD-0B60CE27B958}.Release|Any CPU.ActiveCfg = Release|Any CPU
		{F7A5913C-246A-4C9F-9BCD-0B60CE27B958}.Release|Any CPU.Build.0 = Release|Any CPU
		{506232CE-0FB6-4ACB-96DE-C8C8D075A642}.Debug|Any CPU.ActiveCfg = Debug|Any CPU
		{506232CE-0FB6-4ACB-96DE-C8C8D075A642}.Debug|Any CPU.Build.0 = Debug|Any CPU
		{506232CE-0FB6-4ACB-96DE-C8C8D075A642}.Release|Any CPU.ActiveCfg = Release|Any CPU
		{506232CE-0FB6-4ACB-96DE-C8C8D075A642}.Release|Any CPU.Build.0 = Release|Any CPU
		{9D49F8E2-A82C-4E36-8F54-4F45BF3E47C0}.Debug|Any CPU.ActiveCfg = Debug|Any CPU
		{9D49F8E2-A82C-4E36-8F54-4F45BF3E47C0}.Debug|Any CPU.Build.0 = Debug|Any CPU
		{9D49F8E2-A82C-4E36-8F54-4F45BF3E47C0}.Release|Any CPU.ActiveCfg = Release|Any CPU
		{9D49F8E2-A82C-4E36-8F54-4F45BF3E47C0}.Release|Any CPU.Build.0 = Release|Any CPU
		{70665B3C-5E43-4A2B-B032-30986A16DE67}.Debug|Any CPU.ActiveCfg = Debug|Any CPU
		{70665B3C-5E43-4A2B-B032-30986A16DE67}.Debug|Any CPU.Build.0 = Debug|Any CPU
		{70665B3C-5E43-4A2B-B032-30986A16DE67}.Release|Any CPU.ActiveCfg = Release|Any CPU
		{70665B3C-5E43-4A2B-B032-30986A16DE67}.Release|Any CPU.Build.0 = Release|Any CPU
		{E325A64C-2B72-4DD0-8A6C-229B29FB95EB}.Debug|Any CPU.ActiveCfg = Debug|Any CPU
		{E325A64C-2B72-4DD0-8A6C-229B29FB95EB}.Debug|Any CPU.Build.0 = Debug|Any CPU
		{E325A64C-2B72-4DD0-8A6C-229B29FB95EB}.Release|Any CPU.ActiveCfg = Release|Any CPU
		{E325A64C-2B72-4DD0-8A6C-229B29FB95EB}.Release|Any CPU.Build.0 = Release|Any CPU
		{8EE037EC-ED21-42A0-BE1F-219E9886E43A}.Debug|Any CPU.ActiveCfg = Debug|Any CPU
		{8EE037EC-ED21-42A0-BE1F-219E9886E43A}.Debug|Any CPU.Build.0 = Debug|Any CPU
		{8EE037EC-ED21-42A0-BE1F-219E9886E43A}.Release|Any CPU.ActiveCfg = Release|Any CPU
		{8EE037EC-ED21-42A0-BE1F-219E9886E43A}.Release|Any CPU.Build.0 = Release|Any CPU
		{A1163B55-31D8-4F58-872F-1DD5E0F14490}.Debug|Any CPU.ActiveCfg = Debug|Any CPU
		{A1163B55-31D8-4F58-872F-1DD5E0F14490}.Debug|Any CPU.Build.0 = Debug|Any CPU
		{A1163B55-31D8-4F58-872F-1DD5E0F14490}.Release|Any CPU.ActiveCfg = Release|Any CPU
		{A1163B55-31D8-4F58-872F-1DD5E0F14490}.Release|Any CPU.Build.0 = Release|Any CPU
		{6B92AF2D-0997-4887-B1C5-31861F298238}.Debug|Any CPU.ActiveCfg = Debug|Any CPU
		{6B92AF2D-0997-4887-B1C5-31861F298238}.Debug|Any CPU.Build.0 = Debug|Any CPU
		{6B92AF2D-0997-4887-B1C5-31861F298238}.Release|Any CPU.ActiveCfg = Release|Any CPU
		{6B92AF2D-0997-4887-B1C5-31861F298238}.Release|Any CPU.Build.0 = Release|Any CPU
	EndGlobalSection
	GlobalSection(SolutionProperties) = preSolution
		HideSolutionNode = FALSE
	EndGlobalSection
	GlobalSection(NestedProjects) = preSolution
		{01B09604-C7CB-4E00-97CE-C8CC8F2EEAC4} = {0D76CE00-967B-4C08-AA47-6C50A6B2DDCC}
		{F7A5913C-246A-4C9F-9BCD-0B60CE27B958} = {0D76CE00-967B-4C08-AA47-6C50A6B2DDCC}
		{506232CE-0FB6-4ACB-96DE-C8C8D075A642} = {2AC600BB-4325-4E0A-93A7-B1F53C8E2CA7}
		{9D49F8E2-A82C-4E36-8F54-4F45BF3E47C0} = {2AC600BB-4325-4E0A-93A7-B1F53C8E2CA7}
		{70665B3C-5E43-4A2B-B032-30986A16DE67} = {2AC600BB-4325-4E0A-93A7-B1F53C8E2CA7}
		{E325A64C-2B72-4DD0-8A6C-229B29FB95EB} = {2AC600BB-4325-4E0A-93A7-B1F53C8E2CA7}
		{8EE037EC-ED21-42A0-BE1F-219E9886E43A} = {2AC600BB-4325-4E0A-93A7-B1F53C8E2CA7}
		{A1163B55-31D8-4F58-872F-1DD5E0F14490} = {5948EA23-4B42-4C22-A266-2E0AE5FA575F}
		{6B92AF2D-0997-4887-B1C5-31861F298238} = {5948EA23-4B42-4C22-A266-2E0AE5FA575F}
	EndGlobalSection
	GlobalSection(ExtensibilityGlobals) = postSolution
		SolutionGuid = {199B1B96-4F56-4828-9531-813BA02DB282}
		RESX_NeutralResourcesLanguage = zh-Hans
		RESX_Rules = {"EnabledRules":[]}
	EndGlobalSection
EndGlobal
