Microsoft Visual Studio Solution File, Format Version 12.00
# 17
VisualStudioVersion = 17.9.34622.214
MinimumVisualStudioVersion = 10.0.40219.1
Project("{9A19103F-16F7-4668-BE54-9A1E7A4F7556}") = "ThingsGateway.Server", "ThingsGateway.Server\ThingsGateway.Server.csproj", "{BDC88C7C-D37B-44FB-9E84-2619F8B8B007}"
EndProject
Project("{2150E333-8FDC-42A3-9474-1A3956D46DE8}") = "others", "others", "{2C6B6E2F-76B9-47E1-B3BB-A76595275F2A}"
	ProjectSection(SolutionItems) = preProject
		.editorconfig = .editorconfig
		..\.gitignore = ..\.gitignore
		Delete bin Or obj.bat = Delete bin Or obj.bat
		Delete nupkgs.bat = Delete nupkgs.bat
		Directory.Build.props = Directory.Build.props
		Foundation.props = Foundation.props
		PackNuget.props = PackNuget.props
		Plugin.props = Plugin.props
		..\README.md = ..\README.md
		..\README.zh-CN.md = ..\README.zh-CN.md
		Version.props = Version.props
	EndProjectSection
EndProject
Project("{9A19103F-16F7-4668-BE54-9A1E7A4F7556}") = "ThingsGateway.Admin.Razor", "ThingsGateway.Admin.Razor\ThingsGateway.Admin.Razor.csproj", "{81C3B3AF-9DA6-404B-A20A-31F2FC1CE832}"
EndProject
Project("{9A19103F-16F7-4668-BE54-9A1E7A4F7556}") = "ThingsGateway.Admin.Application", "ThingsGateway.Admin.Application\ThingsGateway.Admin.Application.csproj", "{5EE2DAEF-05DF-4590-B1FA-42917D859F73}"
EndProject
Project("{2150E333-8FDC-42A3-9474-1A3956D46DE8}") = "tools", "tools", "{B1DC0D3F-AAAE-4B01-A35A-E81409D411FB}"
EndProject
Project("{9A19103F-16F7-4668-BE54-9A1E7A4F7556}") = "ThingsGateway.Core", "tools\ThingsGateway.Core\ThingsGateway.Core.csproj", "{B631EA0B-0347-4F60-B38C-32B81BBF7FF5}"
EndProject
Project("{9A19103F-16F7-4668-BE54-9A1E7A4F7556}") = "ThingsGateway.NewLife.X", "tools\ThingsGateway.NewLife.X\ThingsGateway.NewLife.X.csproj", "{60825C5A-84A1-4E04-A490-A9A930DC8F11}"
EndProject
Project("{9A19103F-16F7-4668-BE54-9A1E7A4F7556}") = "ThingsGateway.Razor", "tools\ThingsGateway.Razor\ThingsGateway.Razor.csproj", "{C3116E3F-3F2F-417D-83B7-392322843292}"
EndProject
Project("{9A19103F-16F7-4668-BE54-9A1E7A4F7556}") = "ThingsGateway.Startup", "tools\ThingsGateway.Startup\ThingsGateway.Startup.csproj", "{4A351484-B460-4E8E-B1C4-027041D4F727}"
EndProject
Project("{9A19103F-16F7-4668-BE54-9A1E7A4F7556}") = "ThingsGateway.Photino", "ThingsGateway.Photino\ThingsGateway.Photino.csproj", "{2191F913-C8AE-4F03-B02B-D447611DA46B}"
EndProject
Project("{9A19103F-16F7-4668-BE54-9A1E7A4F7556}") = "ThingsGateway.Admin.ASPNetCore", "ThingsGateway.Admin.ASPNetCore\ThingsGateway.Admin.ASPNetCore.csproj", "{4A95869C-1F1D-47C8-9D01-2F9838CBE632}"
EndProject
Project("{9A19103F-16F7-4668-BE54-9A1E7A4F7556}") = "ThingsGateway.Admin.NetCore", "ThingsGateway.Admin.NetCore\ThingsGateway.Admin.NetCore.csproj", "{2F637B80-2868-474E-8E1D-E7A1205F979F}"
EndProject
Project("{9A19103F-16F7-4668-BE54-9A1E7A4F7556}") = "ThingsGateway.ASPNetCore", "tools\ThingsGateway.ASPNetCore\ThingsGateway.ASPNetCore.csproj", "{558D9AC0-74CF-48F3-ADE0-C9A328DD1671}"
EndProject
Global
	GlobalSection(SolutionConfigurationPlatforms) = preSolution
		Debug|Any CPU = Debug|Any CPU
		Release|Any CPU = Release|Any CPU
	EndGlobalSection
	GlobalSection(ProjectConfigurationPlatforms) = postSolution
		{BDC88C7C-D37B-44FB-9E84-2619F8B8B007}.Debug|Any CPU.ActiveCfg = Debug|Any CPU
		{BDC88C7C-D37B-44FB-9E84-2619F8B8B007}.Debug|Any CPU.Build.0 = Debug|Any CPU
		{BDC88C7C-D37B-44FB-9E84-2619F8B8B007}.Release|Any CPU.ActiveCfg = Release|Any CPU
		{BDC88C7C-D37B-44FB-9E84-2619F8B8B007}.Release|Any CPU.Build.0 = Release|Any CPU
		{81C3B3AF-9DA6-404B-A20A-31F2FC1CE832}.Debug|Any CPU.ActiveCfg = Debug|Any CPU
		{81C3B3AF-9DA6-404B-A20A-31F2FC1CE832}.Debug|Any CPU.Build.0 = Debug|Any CPU
		{81C3B3AF-9DA6-404B-A20A-31F2FC1CE832}.Release|Any CPU.ActiveCfg = Release|Any CPU
		{81C3B3AF-9DA6-404B-A20A-31F2FC1CE832}.Release|Any CPU.Build.0 = Release|Any CPU
		{5EE2DAEF-05DF-4590-B1FA-42917D859F73}.Debug|Any CPU.ActiveCfg = Debug|Any CPU
		{5EE2DAEF-05DF-4590-B1FA-42917D859F73}.Debug|Any CPU.Build.0 = Debug|Any CPU
		{5EE2DAEF-05DF-4590-B1FA-42917D859F73}.Release|Any CPU.ActiveCfg = Release|Any CPU
		{5EE2DAEF-05DF-4590-B1FA-42917D859F73}.Release|Any CPU.Build.0 = Release|Any CPU
		{B631EA0B-0347-4F60-B38C-32B81BBF7FF5}.Debug|Any CPU.ActiveCfg = Debug|Any CPU
		{B631EA0B-0347-4F60-B38C-32B81BBF7FF5}.Debug|Any CPU.Build.0 = Debug|Any CPU
		{B631EA0B-0347-4F60-B38C-32B81BBF7FF5}.Release|Any CPU.ActiveCfg = Release|Any CPU
		{B631EA0B-0347-4F60-B38C-32B81BBF7FF5}.Release|Any CPU.Build.0 = Release|Any CPU
		{60825C5A-84A1-4E04-A490-A9A930DC8F11}.Debug|Any CPU.ActiveCfg = Debug|Any CPU
		{60825C5A-84A1-4E04-A490-A9A930DC8F11}.Debug|Any CPU.Build.0 = Debug|Any CPU
		{60825C5A-84A1-4E04-A490-A9A930DC8F11}.Release|Any CPU.ActiveCfg = Release|Any CPU
		{60825C5A-84A1-4E04-A490-A9A930DC8F11}.Release|Any CPU.Build.0 = Release|Any CPU
		{C3116E3F-3F2F-417D-83B7-392322843292}.Debug|Any CPU.ActiveCfg = Debug|Any CPU
		{C3116E3F-3F2F-417D-83B7-392322843292}.Debug|Any CPU.Build.0 = Debug|Any CPU
		{C3116E3F-3F2F-417D-83B7-392322843292}.Release|Any CPU.ActiveCfg = Release|Any CPU
		{C3116E3F-3F2F-417D-83B7-392322843292}.Release|Any CPU.Build.0 = Release|Any CPU
		{4A351484-B460-4E8E-B1C4-027041D4F727}.Debug|Any CPU.ActiveCfg = Debug|Any CPU
		{4A351484-B460-4E8E-B1C4-027041D4F727}.Debug|Any CPU.Build.0 = Debug|Any CPU
		{4A351484-B460-4E8E-B1C4-027041D4F727}.Release|Any CPU.ActiveCfg = Release|Any CPU
		{4A351484-B460-4E8E-B1C4-027041D4F727}.Release|Any CPU.Build.0 = Release|Any CPU
		{2191F913-C8AE-4F03-B02B-D447611DA46B}.Debug|Any CPU.ActiveCfg = Debug|Any CPU
		{2191F913-C8AE-4F03-B02B-D447611DA46B}.Debug|Any CPU.Build.0 = Debug|Any CPU
		{2191F913-C8AE-4F03-B02B-D447611DA46B}.Release|Any CPU.ActiveCfg = Release|Any CPU
		{2191F913-C8AE-4F03-B02B-D447611DA46B}.Release|Any CPU.Build.0 = Release|Any CPU
		{4A95869C-1F1D-47C8-9D01-2F9838CBE632}.Debug|Any CPU.ActiveCfg = Debug|Any CPU
		{4A95869C-1F1D-47C8-9D01-2F9838CBE632}.Debug|Any CPU.Build.0 = Debug|Any CPU
		{4A95869C-1F1D-47C8-9D01-2F9838CBE632}.Release|Any CPU.ActiveCfg = Release|Any CPU
		{4A95869C-1F1D-47C8-9D01-2F9838CBE632}.Release|Any CPU.Build.0 = Release|Any CPU
		{2F637B80-2868-474E-8E1D-E7A1205F979F}.Debug|Any CPU.ActiveCfg = Debug|Any CPU
		{2F637B80-2868-474E-8E1D-E7A1205F979F}.Debug|Any CPU.Build.0 = Debug|Any CPU
		{2F637B80-2868-474E-8E1D-E7A1205F979F}.Release|Any CPU.ActiveCfg = Release|Any CPU
		{2F637B80-2868-474E-8E1D-E7A1205F979F}.Release|Any CPU.Build.0 = Release|Any CPU
		{558D9AC0-74CF-48F3-ADE0-C9A328DD1671}.Debug|Any CPU.ActiveCfg = Debug|Any CPU
		{558D9AC0-74CF-48F3-ADE0-C9A328DD1671}.Debug|Any CPU.Build.0 = Debug|Any CPU
		{558D9AC0-74CF-48F3-ADE0-C9A328DD1671}.Release|Any CPU.ActiveCfg = Release|Any CPU
		{558D9AC0-74CF-48F3-ADE0-C9A328DD1671}.Release|Any CPU.Build.0 = Release|Any CPU
	EndGlobalSection
	GlobalSection(SolutionProperties) = preSolution
		HideSolutionNode = FALSE
	EndGlobalSection
	GlobalSection(NestedProjects) = preSolution
		{B631EA0B-0347-4F60-B38C-32B81BBF7FF5} = {B1DC0D3F-AAAE-4B01-A35A-E81409D411FB}
		{60825C5A-84A1-4E04-A490-A9A930DC8F11} = {B1DC0D3F-AAAE-4B01-A35A-E81409D411FB}
		{C3116E3F-3F2F-417D-83B7-392322843292} = {B1DC0D3F-AAAE-4B01-A35A-E81409D411FB}
		{4A351484-B460-4E8E-B1C4-027041D4F727} = {B1DC0D3F-AAAE-4B01-A35A-E81409D411FB}
		{558D9AC0-74CF-48F3-ADE0-C9A328DD1671} = {B1DC0D3F-AAAE-4B01-A35A-E81409D411FB}
	EndGlobalSection
	GlobalSection(ExtensibilityGlobals) = postSolution
		SolutionGuid = {199B1B96-4F56-4828-9531-813BA02DB282}
		RESX_Rules = {"EnabledRules":[]}
		RESX_NeutralResourcesLanguage = zh-Hans
	EndGlobalSection
EndGlobal
